// !$*UTF8*$!
{
	archiveVersion = 1;
	classes = {
	};
	objectVersion = 46;
	objects = {

/* Begin PBXBuildFile section */
		00D21D8B5B8F3073F281780B /* s_print.c in Sources */ = {isa = PBXBuildFile; fileRef = 921EDDDC8947ED4636522712 /* s_print.c */; };
		03FA63D8F7F45C5D44A11006 /* d_ugen.c in Sources */ = {isa = PBXBuildFile; fileRef = E0A7F4D96739AAA8844FBEA0 /* d_ugen.c */; };
		0AB9342E6DEAB36AA3A43C1F /* g_all_guis.c in Sources */ = {isa = PBXBuildFile; fileRef = EE58DA8EA3E85E9D1827303E /* g_all_guis.c */; };
		101D2DB773940813A5C898CD /* ofxAubioPitch.cpp in Sources */ = {isa = PBXBuildFile; fileRef = 93CAC8A94359FD331BAD8CFA /* ofxAubioPitch.cpp */; };
		107C704FD3DDDA7C14981E70 /* g_editor.c in Sources */ = {isa = PBXBuildFile; fileRef = 2D1B8CC8F777532E991B7952 /* g_editor.c */; };
		11EA274EF34B86E9D63C3EBD /* g_vslider.c in Sources */ = {isa = PBXBuildFile; fileRef = D97E3DFCF296D060DA07EA28 /* g_vslider.c */; };
		18052988C8ED707F6DBDBAD4 /* d_fft.c in Sources */ = {isa = PBXBuildFile; fileRef = 78A6C42EB5CD224BF76714C8 /* d_fft.c */; };
		1C4FC7CEB109A02B160E1092 /* d_soundfile.c in Sources */ = {isa = PBXBuildFile; fileRef = 2DE0F5ADBE3BC1C764445E92 /* d_soundfile.c */; };
		1C52472095475952DF505D99 /* x_time.c in Sources */ = {isa = PBXBuildFile; fileRef = AFF4A11930714D2E6DE83B5E /* x_time.c */; };
		1CD33E884D9E3358252E82A1 /* ofxToggle.cpp in Sources */ = {isa = PBXBuildFile; fileRef = 907C5B5E104864A2D3A25745 /* ofxToggle.cpp */; };
		1D7B9BAA73D029B7D342BD10 /* fiddle~.c in Sources */ = {isa = PBXBuildFile; fileRef = 87C6F9279A2560DDAC6D0B2D /* fiddle~.c */; };
		1EC960D751D8E0563978C717 /* lrshift~.c in Sources */ = {isa = PBXBuildFile; fileRef = 91AD602F84E295D4A339DABB /* lrshift~.c */; };
		21DE514257119B92345B0900 /* g_graph.c in Sources */ = {isa = PBXBuildFile; fileRef = A2BDF137E2A9EFF3694B25B4 /* g_graph.c */; };
		2687B1C07A10EEAD7689CF27 /* x_misc.c in Sources */ = {isa = PBXBuildFile; fileRef = 9C69DFEE749ABBCA5CBAB764 /* x_misc.c */; };
		2DF23C94600F317B51401032 /* d_ctl.c in Sources */ = {isa = PBXBuildFile; fileRef = 674D3AA2CD9DDA6D5EFF577B /* d_ctl.c */; };
		36F094871BCE984210F47203 /* pique.c in Sources */ = {isa = PBXBuildFile; fileRef = F7726CE92BC0F833C7140039 /* pique.c */; };
		3B43120363DE01A16E2ED8D9 /* s_utf8.c in Sources */ = {isa = PBXBuildFile; fileRef = 1AAB5987705B5E38E576A004 /* s_utf8.c */; };
		3DF941D4B52123B481FF4A5D /* d_fft_fftsg.c in Sources */ = {isa = PBXBuildFile; fileRef = FF964250A013FB0012E9CB5F /* d_fft_fftsg.c */; };
		3F70DB86E9F4E6AC4EE70C3A /* x_text.c in Sources */ = {isa = PBXBuildFile; fileRef = C9B05326BD9454C385DB235F /* x_text.c */; };
		3F90AA370B6275D5C9E44F1E /* x_array.c in Sources */ = {isa = PBXBuildFile; fileRef = DF49C6D7242AB1B9C40EF2D0 /* x_array.c */; };
		4112DA22A38568E370255F1E /* d_delay.c in Sources */ = {isa = PBXBuildFile; fileRef = F6B1E0DF78EF7086AA13C343 /* d_delay.c */; };
		41F97C99669CC61FD6817C51 /* g_rtext.c in Sources */ = {isa = PBXBuildFile; fileRef = 3C236AE01DAAFA068C3E0295 /* g_rtext.c */; };
		43E7F9BCBED7CD0D3427F707 /* s_audio_dummy.c in Sources */ = {isa = PBXBuildFile; fileRef = FA7D291A6ACE933359353BC1 /* s_audio_dummy.c */; };
		479DCA850DD8BB469A777AD4 /* ofxAubioBeat.cpp in Sources */ = {isa = PBXBuildFile; fileRef = A96B8F6D2ECF14F9304EBD6C /* ofxAubioBeat.cpp */; };
		483908258D00B98B4BE69F07 /* ofxLabel.cpp in Sources */ = {isa = PBXBuildFile; fileRef = 78D67A00EB899FAC09430597 /* ofxLabel.cpp */; };
		49C1EFD45F6BB2292E09D84D /* d_osc.c in Sources */ = {isa = PBXBuildFile; fileRef = F27EC6FE253F687FADCA4055 /* d_osc.c */; };
		4C7BC3489171413574CC398B /* PdBase.cpp in Sources */ = {isa = PBXBuildFile; fileRef = 0BBB709C1538C828C1BC70FB /* PdBase.cpp */; };
		509B64A21FDEE57D0046D461 /* aubio.framework in Frameworks */ = {isa = PBXBuildFile; fileRef = 509B64A11FDEE57D0046D461 /* aubio.framework */; };
		50E70E991FE94CF9006CC4DF /* GuiRenderer.cpp in Sources */ = {isa = PBXBuildFile; fileRef = 50E70E971FE94CF9006CC4DF /* GuiRenderer.cpp */; };
		50F096CFDBAD1EC45E92416E /* m_atom.c in Sources */ = {isa = PBXBuildFile; fileRef = BB7AD905C0E049138E942045 /* m_atom.c */; };
		5472CCBDC7B6C1AF21661319 /* s_main.c in Sources */ = {isa = PBXBuildFile; fileRef = F96600F815252113425D4E74 /* s_main.c */; };
		5CBB2AB3A60F65431D7B555D /* ofxButton.cpp in Sources */ = {isa = PBXBuildFile; fileRef = C88333E71C9457E441C33474 /* ofxButton.cpp */; };
		60CEF052E3D03AF6216E6390 /* x_acoustics.c in Sources */ = {isa = PBXBuildFile; fileRef = 2EE5752FE9F3922F36D2C46B /* x_acoustics.c */; };
		65DA614285C35696FE4C302E /* g_scalar.c in Sources */ = {isa = PBXBuildFile; fileRef = FE5C604568BC1ECAE7CAD2E6 /* g_scalar.c */; };
		660D59CA6EF233EBCBCD8EFA /* s_loader.c in Sources */ = {isa = PBXBuildFile; fileRef = 8B905A5EABF3B68295D011FE /* s_loader.c */; };
		67383740F5CC47ED5F955A76 /* ofxAubioMelBands.cpp in Sources */ = {isa = PBXBuildFile; fileRef = 776A1553D592FD9AA388C543 /* ofxAubioMelBands.cpp */; };
		6911E01FEB7A4E736CAB7E6C /* s_libpdmidi.c in Sources */ = {isa = PBXBuildFile; fileRef = 0EE2DA6054C3F218B6CF8B2A /* s_libpdmidi.c */; };
		6960B867646C21743438DA55 /* g_array.c in Sources */ = {isa = PBXBuildFile; fileRef = AB085657C22174A61D943A36 /* g_array.c */; };
		6985D2AAF8DBDFCA9D8839C1 /* x_vexp_fun.c in Sources */ = {isa = PBXBuildFile; fileRef = 9AFC4007C93116900770D2AD /* x_vexp_fun.c */; };
		6B08955674AF4B0CB1268787 /* ofxPd.cpp in Sources */ = {isa = PBXBuildFile; fileRef = 33A49B2B874C7650F3E7099E /* ofxPd.cpp */; };
		6D29DB73AFAD6EB136B9867B /* s_file.c in Sources */ = {isa = PBXBuildFile; fileRef = 6ED475267FD004251BF10586 /* s_file.c */; };
		717BB86366F08623F5524BDF /* loop~.c in Sources */ = {isa = PBXBuildFile; fileRef = F56CC0679EEEB21C160FDA16 /* loop~.c */; };
		71D0703AC4273CD4836AFEB8 /* z_queued.c in Sources */ = {isa = PBXBuildFile; fileRef = CD76ED997B6BEC8886C6B28E /* z_queued.c */; };
		733250F70357305CEEEFC4B0 /* x_arithmetic.c in Sources */ = {isa = PBXBuildFile; fileRef = F52CABD66BE8375361D3FB38 /* x_arithmetic.c */; };
		7588D0AA7678266FBC4F1613 /* g_numbox.c in Sources */ = {isa = PBXBuildFile; fileRef = 3CB2561D8AF9EAFBD16740FD /* g_numbox.c */; };
		75B90CF8644FE0FB9344C7D2 /* m_pd.c in Sources */ = {isa = PBXBuildFile; fileRef = 2FE1CE2510D6011389D5961F /* m_pd.c */; };
		76D57156444CB9BF58E6E01F /* z_hooks.c in Sources */ = {isa = PBXBuildFile; fileRef = 6BEBF1126C6E88E7A22AD7E4 /* z_hooks.c */; };
		77164A632D452D94040D6BB9 /* g_clone.c in Sources */ = {isa = PBXBuildFile; fileRef = 2EA7ED6EF5D63899EA3E1EE2 /* g_clone.c */; };
		7A4EDAB9E3A0942248B588A4 /* g_hslider.c in Sources */ = {isa = PBXBuildFile; fileRef = A3C9F26BBF6CBA68755EAEB6 /* g_hslider.c */; };
		7AF773C3595A333EF6C49A6B /* z_print_util.c in Sources */ = {isa = PBXBuildFile; fileRef = 68444A0DC8A969728CC4E656 /* z_print_util.c */; };
		7B2651CDC15D43638F6D2807 /* g_bang.c in Sources */ = {isa = PBXBuildFile; fileRef = 3C2E6361E3947F0ED5300A1A /* g_bang.c */; };
		7FA98961B97F6388A930FF4C /* stdout.c in Sources */ = {isa = PBXBuildFile; fileRef = 3D0015082F7D479291A2DA1B /* stdout.c */; };
		837220E80EB56CD44AD27F2A /* ofxSlider.cpp in Sources */ = {isa = PBXBuildFile; fileRef = 15F2C6477A769C03A56D1401 /* ofxSlider.cpp */; };
		856AA354D08AB4B323081444 /* ofxBaseGui.cpp in Sources */ = {isa = PBXBuildFile; fileRef = 9604B925D32EE39065747725 /* ofxBaseGui.cpp */; };
		87DBAD2CF0EF3C931CA0EB27 /* m_class.c in Sources */ = {isa = PBXBuildFile; fileRef = 1FE113A1032ECB638E24AF1C /* m_class.c */; };
		89A7DDAAC596E94D0BC906E0 /* m_binbuf.c in Sources */ = {isa = PBXBuildFile; fileRef = 11FDFBEE0118F4F0FFBC8F4B /* m_binbuf.c */; };
		8A66555E250D916BE02C75B9 /* x_scalar.c in Sources */ = {isa = PBXBuildFile; fileRef = BC8923D9E506707DE397F553 /* x_scalar.c */; };
		8C4791DC1966643B8C91552B /* d_dac.c in Sources */ = {isa = PBXBuildFile; fileRef = 0F51CC084414F693A2BDD127 /* d_dac.c */; };
		8D0AE1788C0B1BE0DBF2D219 /* x_gui.c in Sources */ = {isa = PBXBuildFile; fileRef = 51D837462D91A0E2799F53D4 /* x_gui.c */; };
		8D23876322D4CCE67787E985 /* x_list.c in Sources */ = {isa = PBXBuildFile; fileRef = A7B8D161DA11E1C34ADDDD57 /* x_list.c */; };
		8E73B0E1E11E7E71D9FBFA5D /* m_obj.c in Sources */ = {isa = PBXBuildFile; fileRef = EFBC3C99C351A2C9CE89A59A /* m_obj.c */; };
		8EF4E7A911554CDF01359582 /* d_filter.c in Sources */ = {isa = PBXBuildFile; fileRef = D5E45B4D6FA033025C7C6B63 /* d_filter.c */; };
		8FD00A16EFFF9A2098F2E5E8 /* PdTypes.cpp in Sources */ = {isa = PBXBuildFile; fileRef = D1E976B635AC494DF0C59727 /* PdTypes.cpp */; };
		90F3886C34910F6655634FDB /* bonk~.c in Sources */ = {isa = PBXBuildFile; fileRef = 97EC28001BC755001CA9E351 /* bonk~.c */; };
		94DD0070DA9728FF161C84D5 /* x_vexp_if.c in Sources */ = {isa = PBXBuildFile; fileRef = 8251322834FE05309DFA242E /* x_vexp_if.c */; };
		9B6405AE8F948A9F1D414004 /* g_guiconnect.c in Sources */ = {isa = PBXBuildFile; fileRef = 1432C49539CC5A34A4FB81FF /* g_guiconnect.c */; };
		9C7B8B4D99CDFC508E76CC3A /* ofxAubioOnset.cpp in Sources */ = {isa = PBXBuildFile; fileRef = 8A90A4B17BBB4CB627CA22C4 /* ofxAubioOnset.cpp */; };
		9C908654F2EC96C390AC467C /* ringbuffer.c in Sources */ = {isa = PBXBuildFile; fileRef = 388CEC9FA2E2E77F5EC26BF9 /* ringbuffer.c */; };
		9EBAF5B1949B2AFC1A34E934 /* m_glob.c in Sources */ = {isa = PBXBuildFile; fileRef = 8E06D6055662272D6A767A06 /* m_glob.c */; };
		A2A5D4DFB18C0542F8648BA9 /* x_interface.c in Sources */ = {isa = PBXBuildFile; fileRef = 067C8E708140C9C4F165EF57 /* x_interface.c */; };
		A2DF1BE48C5A502CB1763443 /* s_path.c in Sources */ = {isa = PBXBuildFile; fileRef = 2BFCC35A339F99DA2DD9A047 /* s_path.c */; };
		A63F0FD6679EDFB16C7B4333 /* d_array.c in Sources */ = {isa = PBXBuildFile; fileRef = 6924C85C999075B92B8A93D9 /* d_array.c */; };
		A7F75B701E2BF4C71379D4A4 /* bob~.c in Sources */ = {isa = PBXBuildFile; fileRef = EAE19C5B69BBFC4E6F22973B /* bob~.c */; };
		AB6A1E0EB79546A10936EAC0 /* choice.c in Sources */ = {isa = PBXBuildFile; fileRef = 0273C141CFED8EFF16B43469 /* choice.c */; };
		B09E0E6E84DB5533C187961A /* g_template.c in Sources */ = {isa = PBXBuildFile; fileRef = 30A100BA1D5AFA3CA62C1C8A /* g_template.c */; };
		B266578FC55D23BFEBC042E7 /* ofxGuiGroup.cpp in Sources */ = {isa = PBXBuildFile; fileRef = ECF8674C7975F1063C5E30CA /* ofxGuiGroup.cpp */; };
		B280FB993A13CDF036EF3D34 /* g_hdial.c in Sources */ = {isa = PBXBuildFile; fileRef = C60EE1CD8E0A09F6F3D01E8B /* g_hdial.c */; };
		B56FE57CC35806596D38118C /* ofxSliderGroup.cpp in Sources */ = {isa = PBXBuildFile; fileRef = 802251BAF1B35B1D67B32FD0 /* ofxSliderGroup.cpp */; };
		B953A5F6BD2E8D4D89C9627B /* m_sched.c in Sources */ = {isa = PBXBuildFile; fileRef = 28774F114D90A84348384CBA /* m_sched.c */; };
		B99B465051A4A82D6B370549 /* g_text.c in Sources */ = {isa = PBXBuildFile; fileRef = 4077824B587244595D8A5186 /* g_text.c */; };
		BB92459348E8496D144518C0 /* sigmund~.c in Sources */ = {isa = PBXBuildFile; fileRef = B946076A9958A7012DF0A6BF /* sigmund~.c */; };
		BD3754CC626B317C655FA4BF /* s_audio.c in Sources */ = {isa = PBXBuildFile; fileRef = 515E593073CA88F62A0C63DE /* s_audio.c */; };
		C3167F8E5105283443E3D5BF /* m_conf.c in Sources */ = {isa = PBXBuildFile; fileRef = 288F7169CFEB722BB4EEAF07 /* m_conf.c */; };
		C318655C47AEF7BE8103803A /* d_arithmetic.c in Sources */ = {isa = PBXBuildFile; fileRef = A9B7B97845A34CEB03A100F0 /* d_arithmetic.c */; };
		C60077973A257D8F44947E2E /* ofxAubioBlock.cpp in Sources */ = {isa = PBXBuildFile; fileRef = 737C0C27DB7B0C9484DCEBAE /* ofxAubioBlock.cpp */; };
		C80E76F000452DD006C31F3D /* pd~.c in Sources */ = {isa = PBXBuildFile; fileRef = C3C2542A9AB683E274FBA196 /* pd~.c */; };
		CC0F075B5F4A4922B75642E2 /* g_canvas.c in Sources */ = {isa = PBXBuildFile; fileRef = C13BBD58C569986BABEF4C2F /* g_canvas.c */; };
		CD8DC3F354F581A8B877E4A1 /* x_midi.c in Sources */ = {isa = PBXBuildFile; fileRef = 4BE14A515B465F9F94740B1E /* x_midi.c */; };
		D00C3EB2D372B107D709123B /* g_mycanvas.c in Sources */ = {isa = PBXBuildFile; fileRef = DC0D9EDA99DA7C6B6A1510BF /* g_mycanvas.c */; };
		D21112A27514DAD7FEBE0E37 /* pdsched.c in Sources */ = {isa = PBXBuildFile; fileRef = 89F84ADD268FA369026A2843 /* pdsched.c */; };
		D8AFCED92D5514E8580A4ABC /* x_libpdreceive.c in Sources */ = {isa = PBXBuildFile; fileRef = 524BC63EACFB3776086FD775 /* x_libpdreceive.c */; };
		D9AB994BC2BD19C9DBF8AD04 /* d_resample.c in Sources */ = {isa = PBXBuildFile; fileRef = 59F628DE75E715DA81DABB03 /* d_resample.c */; };
		DAF420C3195DE839D5F3154B /* x_vexp.c in Sources */ = {isa = PBXBuildFile; fileRef = 389DBDD636F78AF2BDA79C13 /* x_vexp.c */; };
		DBC6A9793CEA79C41570A743 /* d_misc.c in Sources */ = {isa = PBXBuildFile; fileRef = CE2B6BAF505C3182CCE624E9 /* d_misc.c */; };
		DC10973CC286CE1D51EDABA5 /* s_inter.c in Sources */ = {isa = PBXBuildFile; fileRef = A95F11DAABD1F2B1AE1FF709 /* s_inter.c */; };
		DDF8019F55FA1BB4053A4CE4 /* m_memory.c in Sources */ = {isa = PBXBuildFile; fileRef = E7BDAD0B95D8B756220D1D06 /* m_memory.c */; };
		DE4C470FE9636BD647EEDD86 /* g_vumeter.c in Sources */ = {isa = PBXBuildFile; fileRef = 8224BCB6953A0D8C5FC986B4 /* g_vumeter.c */; };
		E0729A44E408FDDF4E99DF35 /* x_connective.c in Sources */ = {isa = PBXBuildFile; fileRef = F1A0D6A580CB0F21749A83FC /* x_connective.c */; };
		E102EA5D859E99B83196A920 /* g_traversal.c in Sources */ = {isa = PBXBuildFile; fileRef = 617194FA95231E474992737C /* g_traversal.c */; };
		E4328149138ABC9F0047C5CB /* openFrameworksDebug.a in Frameworks */ = {isa = PBXBuildFile; fileRef = E4328148138ABC890047C5CB /* openFrameworksDebug.a */; };
		E4B69E200A3A1BDC003C02F2 /* main.cpp in Sources */ = {isa = PBXBuildFile; fileRef = E4B69E1D0A3A1BDC003C02F2 /* main.cpp */; };
		E4B69E210A3A1BDC003C02F2 /* ofApp.cpp in Sources */ = {isa = PBXBuildFile; fileRef = E4B69E1E0A3A1BDC003C02F2 /* ofApp.cpp */; };
		E94A9217ADCDF72404752237 /* z_libpd.c in Sources */ = {isa = PBXBuildFile; fileRef = 741D27EFF06AF61D251BD08A /* z_libpd.c */; };
		F285EB3169F1566CA3D93C20 /* ofxPanel.cpp in Sources */ = {isa = PBXBuildFile; fileRef = E112B3AEBEA2C091BF2B40AE /* ofxPanel.cpp */; };
		F584319533FA8934453C58FB /* g_toggle.c in Sources */ = {isa = PBXBuildFile; fileRef = 7732F7F574AD2DFC45026A94 /* g_toggle.c */; };
		F8AF00EAEC60DB3BA134C090 /* x_net.c in Sources */ = {isa = PBXBuildFile; fileRef = 85A5723F785EE264C97F19A2 /* x_net.c */; };
		F9505DC18EE83A59C86E5BC5 /* g_readwrite.c in Sources */ = {isa = PBXBuildFile; fileRef = C9E0672172ADE339EA1B2B5C /* g_readwrite.c */; };
		FAF1B9D150A97F982B44AA1B /* d_math.c in Sources */ = {isa = PBXBuildFile; fileRef = E8AC4DC19C4AE36E34D91FD1 /* d_math.c */; };
		FC0775769A9FFB4906D39E6D /* g_vdial.c in Sources */ = {isa = PBXBuildFile; fileRef = F421BE3B0EF6EE686E9BC27B /* g_vdial.c */; };
		FC27FCD0C864693E52830A9B /* g_io.c in Sources */ = {isa = PBXBuildFile; fileRef = 75D429F81042120C56F99C22 /* g_io.c */; };
		FFC9E94E49E52240FD9349BF /* d_global.c in Sources */ = {isa = PBXBuildFile; fileRef = E1246AD4E3D8F6DCABDDAC02 /* d_global.c */; };
/* End PBXBuildFile section */

/* Begin PBXContainerItemProxy section */
		E4328147138ABC890047C5CB /* PBXContainerItemProxy */ = {
			isa = PBXContainerItemProxy;
			containerPortal = E4328143138ABC890047C5CB /* openFrameworksLib.xcodeproj */;
			proxyType = 2;
			remoteGlobalIDString = E4B27C1510CBEB8E00536013;
			remoteInfo = openFrameworks;
		};
		E4EEB9AB138B136A00A80321 /* PBXContainerItemProxy */ = {
			isa = PBXContainerItemProxy;
			containerPortal = E4328143138ABC890047C5CB /* openFrameworksLib.xcodeproj */;
			proxyType = 1;
			remoteGlobalIDString = E4B27C1410CBEB8E00536013;
			remoteInfo = openFrameworks;
		};
/* End PBXContainerItemProxy section */

/* Begin PBXCopyFilesBuildPhase section */
		E4C2427710CC5ABF004149E2 /* CopyFiles */ = {
			isa = PBXCopyFilesBuildPhase;
			buildActionMask = 2147483647;
			dstPath = "";
			dstSubfolderSpec = 10;
			files = (
			);
			runOnlyForDeploymentPostprocessing = 0;
		};
/* End PBXCopyFilesBuildPhase section */

/* Begin PBXFileReference section */
		0273C141CFED8EFF16B43469 /* choice.c */ = {isa = PBXFileReference; explicitFileType = sourcecode.c.c; fileEncoding = 30; name = choice.c; path = "../../../addons/ofxPd/libs/libpd/pure-data/extra/choice/choice.c"; sourceTree = SOURCE_ROOT; };
		067C8E708140C9C4F165EF57 /* x_interface.c */ = {isa = PBXFileReference; explicitFileType = sourcecode.c.c; fileEncoding = 30; name = x_interface.c; path = "../../../addons/ofxPd/libs/libpd/pure-data/src/x_interface.c"; sourceTree = SOURCE_ROOT; };
		0984191B2003C1E86CF4C57A /* ofxAubioOnset.h */ = {isa = PBXFileReference; explicitFileType = sourcecode.c.h; fileEncoding = 30; name = ofxAubioOnset.h; path = ../../../addons/ofxAubio/src/ofxAubioOnset.h; sourceTree = SOURCE_ROOT; };
		0A1DAC09F322AE313A40706D /* ofxToggle.h */ = {isa = PBXFileReference; explicitFileType = sourcecode.c.h; fileEncoding = 30; name = ofxToggle.h; path = ../../../addons/ofxGui/src/ofxToggle.h; sourceTree = SOURCE_ROOT; };
		0A79949C57D46DAE4C80FAC4 /* x_libpdreceive.h */ = {isa = PBXFileReference; explicitFileType = sourcecode.c.h; fileEncoding = 30; name = x_libpdreceive.h; path = ../../../addons/ofxPd/libs/libpd/libpd_wrapper/x_libpdreceive.h; sourceTree = SOURCE_ROOT; };
		0BBB709C1538C828C1BC70FB /* PdBase.cpp */ = {isa = PBXFileReference; explicitFileType = sourcecode.cpp.cpp; fileEncoding = 30; name = PdBase.cpp; path = ../../../addons/ofxPd/libs/libpd/cpp/PdBase.cpp; sourceTree = SOURCE_ROOT; };
		0EE2DA6054C3F218B6CF8B2A /* s_libpdmidi.c */ = {isa = PBXFileReference; explicitFileType = sourcecode.c.c; fileEncoding = 30; name = s_libpdmidi.c; path = ../../../addons/ofxPd/libs/libpd/libpd_wrapper/s_libpdmidi.c; sourceTree = SOURCE_ROOT; };
		0F51CC084414F693A2BDD127 /* d_dac.c */ = {isa = PBXFileReference; explicitFileType = sourcecode.c.c; fileEncoding = 30; name = d_dac.c; path = "../../../addons/ofxPd/libs/libpd/pure-data/src/d_dac.c"; sourceTree = SOURCE_ROOT; };
		11FDFBEE0118F4F0FFBC8F4B /* m_binbuf.c */ = {isa = PBXFileReference; explicitFileType = sourcecode.c.c; fileEncoding = 30; name = m_binbuf.c; path = "../../../addons/ofxPd/libs/libpd/pure-data/src/m_binbuf.c"; sourceTree = SOURCE_ROOT; };
		1432C49539CC5A34A4FB81FF /* g_guiconnect.c */ = {isa = PBXFileReference; explicitFileType = sourcecode.c.c; fileEncoding = 30; name = g_guiconnect.c; path = "../../../addons/ofxPd/libs/libpd/pure-data/src/g_guiconnect.c"; sourceTree = SOURCE_ROOT; };
		15F2C6477A769C03A56D1401 /* ofxSlider.cpp */ = {isa = PBXFileReference; explicitFileType = sourcecode.cpp.cpp; fileEncoding = 30; name = ofxSlider.cpp; path = ../../../addons/ofxGui/src/ofxSlider.cpp; sourceTree = SOURCE_ROOT; };
		17D3A4637D93017C179D6B8A /* g_all_guis.h */ = {isa = PBXFileReference; explicitFileType = sourcecode.c.h; fileEncoding = 30; name = g_all_guis.h; path = "../../../addons/ofxPd/libs/libpd/pure-data/src/g_all_guis.h"; sourceTree = SOURCE_ROOT; };
		17E65988300FBD9AAA2CD0CA /* ofxGui.h */ = {isa = PBXFileReference; explicitFileType = sourcecode.c.h; fileEncoding = 30; name = ofxGui.h; path = ../../../addons/ofxGui/src/ofxGui.h; sourceTree = SOURCE_ROOT; };
		1AAB5987705B5E38E576A004 /* s_utf8.c */ = {isa = PBXFileReference; explicitFileType = sourcecode.c.c; fileEncoding = 30; name = s_utf8.c; path = "../../../addons/ofxPd/libs/libpd/pure-data/src/s_utf8.c"; sourceTree = SOURCE_ROOT; };
		1C0DA2561397A7DE0246858B /* ofxGuiGroup.h */ = {isa = PBXFileReference; explicitFileType = sourcecode.c.h; fileEncoding = 30; name = ofxGuiGroup.h; path = ../../../addons/ofxGui/src/ofxGuiGroup.h; sourceTree = SOURCE_ROOT; };
		1E574845405F25DFD38F497B /* PdReceiver.hpp */ = {isa = PBXFileReference; explicitFileType = sourcecode.c.h; fileEncoding = 30; name = PdReceiver.hpp; path = ../../../addons/ofxPd/libs/libpd/cpp/PdReceiver.hpp; sourceTree = SOURCE_ROOT; };
		1FE113A1032ECB638E24AF1C /* m_class.c */ = {isa = PBXFileReference; explicitFileType = sourcecode.c.c; fileEncoding = 30; name = m_class.c; path = "../../../addons/ofxPd/libs/libpd/pure-data/src/m_class.c"; sourceTree = SOURCE_ROOT; };
		238BB8FC8860C7A7012B2E27 /* ofxAubioMelBands.h */ = {isa = PBXFileReference; explicitFileType = sourcecode.c.h; fileEncoding = 30; name = ofxAubioMelBands.h; path = ../../../addons/ofxAubio/src/ofxAubioMelBands.h; sourceTree = SOURCE_ROOT; };
		2834D88A62CD23F3DE2C47D1 /* ofxButton.h */ = {isa = PBXFileReference; explicitFileType = sourcecode.c.h; fileEncoding = 30; name = ofxButton.h; path = ../../../addons/ofxGui/src/ofxButton.h; sourceTree = SOURCE_ROOT; };
		28774F114D90A84348384CBA /* m_sched.c */ = {isa = PBXFileReference; explicitFileType = sourcecode.c.c; fileEncoding = 30; name = m_sched.c; path = "../../../addons/ofxPd/libs/libpd/pure-data/src/m_sched.c"; sourceTree = SOURCE_ROOT; };
		288F7169CFEB722BB4EEAF07 /* m_conf.c */ = {isa = PBXFileReference; explicitFileType = sourcecode.c.c; fileEncoding = 30; name = m_conf.c; path = "../../../addons/ofxPd/libs/libpd/pure-data/src/m_conf.c"; sourceTree = SOURCE_ROOT; };
		2BCE517343637B7D81B1DEB4 /* s_utf8.h */ = {isa = PBXFileReference; explicitFileType = sourcecode.c.h; fileEncoding = 30; name = s_utf8.h; path = "../../../addons/ofxPd/libs/libpd/pure-data/src/s_utf8.h"; sourceTree = SOURCE_ROOT; };
		2BFCC35A339F99DA2DD9A047 /* s_path.c */ = {isa = PBXFileReference; explicitFileType = sourcecode.c.c; fileEncoding = 30; name = s_path.c; path = "../../../addons/ofxPd/libs/libpd/pure-data/src/s_path.c"; sourceTree = SOURCE_ROOT; };
		2C9954F28EA0AA54DDDEBF9D /* ringbuffer.h */ = {isa = PBXFileReference; explicitFileType = sourcecode.c.h; fileEncoding = 30; name = ringbuffer.h; path = ../../../addons/ofxPd/libs/libpd/libpd_wrapper/util/ringbuffer.h; sourceTree = SOURCE_ROOT; };
		2D1B8CC8F777532E991B7952 /* g_editor.c */ = {isa = PBXFileReference; explicitFileType = sourcecode.c.c; fileEncoding = 30; name = g_editor.c; path = "../../../addons/ofxPd/libs/libpd/pure-data/src/g_editor.c"; sourceTree = SOURCE_ROOT; };
		2DE0F5ADBE3BC1C764445E92 /* d_soundfile.c */ = {isa = PBXFileReference; explicitFileType = sourcecode.c.c; fileEncoding = 30; name = d_soundfile.c; path = "../../../addons/ofxPd/libs/libpd/pure-data/src/d_soundfile.c"; sourceTree = SOURCE_ROOT; };
		2EA7ED6EF5D63899EA3E1EE2 /* g_clone.c */ = {isa = PBXFileReference; explicitFileType = sourcecode.c.c; fileEncoding = 30; name = g_clone.c; path = "../../../addons/ofxPd/libs/libpd/pure-data/src/g_clone.c"; sourceTree = SOURCE_ROOT; };
		2EE5752FE9F3922F36D2C46B /* x_acoustics.c */ = {isa = PBXFileReference; explicitFileType = sourcecode.c.c; fileEncoding = 30; name = x_acoustics.c; path = "../../../addons/ofxPd/libs/libpd/pure-data/src/x_acoustics.c"; sourceTree = SOURCE_ROOT; };
		2FE1CE2510D6011389D5961F /* m_pd.c */ = {isa = PBXFileReference; explicitFileType = sourcecode.c.c; fileEncoding = 30; name = m_pd.c; path = "../../../addons/ofxPd/libs/libpd/pure-data/src/m_pd.c"; sourceTree = SOURCE_ROOT; };
		30A100BA1D5AFA3CA62C1C8A /* g_template.c */ = {isa = PBXFileReference; explicitFileType = sourcecode.c.c; fileEncoding = 30; name = g_template.c; path = "../../../addons/ofxPd/libs/libpd/pure-data/src/g_template.c"; sourceTree = SOURCE_ROOT; };
		33A49B2B874C7650F3E7099E /* ofxPd.cpp */ = {isa = PBXFileReference; explicitFileType = sourcecode.cpp.cpp; fileEncoding = 30; name = ofxPd.cpp; path = ../../../addons/ofxPd/src/ofxPd.cpp; sourceTree = SOURCE_ROOT; };
		388CEC9FA2E2E77F5EC26BF9 /* ringbuffer.c */ = {isa = PBXFileReference; explicitFileType = sourcecode.c.c; fileEncoding = 30; name = ringbuffer.c; path = ../../../addons/ofxPd/libs/libpd/libpd_wrapper/util/ringbuffer.c; sourceTree = SOURCE_ROOT; };
		389DBDD636F78AF2BDA79C13 /* x_vexp.c */ = {isa = PBXFileReference; explicitFileType = sourcecode.c.c; fileEncoding = 30; name = x_vexp.c; path = "../../../addons/ofxPd/libs/libpd/pure-data/src/x_vexp.c"; sourceTree = SOURCE_ROOT; };
		39956E78EE1AF0888B94358B /* z_libpd.h */ = {isa = PBXFileReference; explicitFileType = sourcecode.c.h; fileEncoding = 30; name = z_libpd.h; path = ../../../addons/ofxPd/libs/libpd/libpd_wrapper/z_libpd.h; sourceTree = SOURCE_ROOT; };
		3B6AFA97F893CE28547CFCDC /* ofxAubio.h */ = {isa = PBXFileReference; explicitFileType = sourcecode.c.h; fileEncoding = 30; name = ofxAubio.h; path = ../../../addons/ofxAubio/src/ofxAubio.h; sourceTree = SOURCE_ROOT; };
		3C236AE01DAAFA068C3E0295 /* g_rtext.c */ = {isa = PBXFileReference; explicitFileType = sourcecode.c.c; fileEncoding = 30; name = g_rtext.c; path = "../../../addons/ofxPd/libs/libpd/pure-data/src/g_rtext.c"; sourceTree = SOURCE_ROOT; };
		3C2E6361E3947F0ED5300A1A /* g_bang.c */ = {isa = PBXFileReference; explicitFileType = sourcecode.c.c; fileEncoding = 30; name = g_bang.c; path = "../../../addons/ofxPd/libs/libpd/pure-data/src/g_bang.c"; sourceTree = SOURCE_ROOT; };
		3CB2561D8AF9EAFBD16740FD /* g_numbox.c */ = {isa = PBXFileReference; explicitFileType = sourcecode.c.c; fileEncoding = 30; name = g_numbox.c; path = "../../../addons/ofxPd/libs/libpd/pure-data/src/g_numbox.c"; sourceTree = SOURCE_ROOT; };
		3D0015082F7D479291A2DA1B /* stdout.c */ = {isa = PBXFileReference; explicitFileType = sourcecode.c.c; fileEncoding = 30; name = stdout.c; path = "../../../addons/ofxPd/libs/libpd/pure-data/extra/stdout/stdout.c"; sourceTree = SOURCE_ROOT; };
		4077824B587244595D8A5186 /* g_text.c */ = {isa = PBXFileReference; explicitFileType = sourcecode.c.c; fileEncoding = 30; name = g_text.c; path = "../../../addons/ofxPd/libs/libpd/pure-data/src/g_text.c"; sourceTree = SOURCE_ROOT; };
		4B17A983E507AB0B3F71A2D6 /* ofxAubioBlock.h */ = {isa = PBXFileReference; explicitFileType = sourcecode.c.h; fileEncoding = 30; name = ofxAubioBlock.h; path = ../../../addons/ofxAubio/src/ofxAubioBlock.h; sourceTree = SOURCE_ROOT; };
		4BE14A515B465F9F94740B1E /* x_midi.c */ = {isa = PBXFileReference; explicitFileType = sourcecode.c.c; fileEncoding = 30; name = x_midi.c; path = "../../../addons/ofxPd/libs/libpd/pure-data/src/x_midi.c"; sourceTree = SOURCE_ROOT; };
		509B64A11FDEE57D0046D461 /* aubio.framework */ = {isa = PBXFileReference; lastKnownFileType = wrapper.framework; name = aubio.framework; path = frameworks/aubio.framework; sourceTree = "<group>"; };
		50E70E961FE94CE9006CC4DF /* GuiRenderer.h */ = {isa = PBXFileReference; lastKnownFileType = sourcecode.c.h; path = GuiRenderer.h; sourceTree = "<group>"; };
		50E70E971FE94CF9006CC4DF /* GuiRenderer.cpp */ = {isa = PBXFileReference; lastKnownFileType = sourcecode.cpp.cpp; path = GuiRenderer.cpp; sourceTree = "<group>"; };
		515E593073CA88F62A0C63DE /* s_audio.c */ = {isa = PBXFileReference; explicitFileType = sourcecode.c.c; fileEncoding = 30; name = s_audio.c; path = "../../../addons/ofxPd/libs/libpd/pure-data/src/s_audio.c"; sourceTree = SOURCE_ROOT; };
		51D837462D91A0E2799F53D4 /* x_gui.c */ = {isa = PBXFileReference; explicitFileType = sourcecode.c.c; fileEncoding = 30; name = x_gui.c; path = "../../../addons/ofxPd/libs/libpd/pure-data/src/x_gui.c"; sourceTree = SOURCE_ROOT; };
		524BC63EACFB3776086FD775 /* x_libpdreceive.c */ = {isa = PBXFileReference; explicitFileType = sourcecode.c.c; fileEncoding = 30; name = x_libpdreceive.c; path = ../../../addons/ofxPd/libs/libpd/libpd_wrapper/x_libpdreceive.c; sourceTree = SOURCE_ROOT; };
		52AFA1F08C420992CAAAE648 /* ofxSlider.h */ = {isa = PBXFileReference; explicitFileType = sourcecode.c.h; fileEncoding = 30; name = ofxSlider.h; path = ../../../addons/ofxGui/src/ofxSlider.h; sourceTree = SOURCE_ROOT; };
		553E49923295D33C5D28005E /* x_vexp.h */ = {isa = PBXFileReference; explicitFileType = sourcecode.c.h; fileEncoding = 30; name = x_vexp.h; path = "../../../addons/ofxPd/libs/libpd/pure-data/src/x_vexp.h"; sourceTree = SOURCE_ROOT; };
		59F628DE75E715DA81DABB03 /* d_resample.c */ = {isa = PBXFileReference; explicitFileType = sourcecode.c.c; fileEncoding = 30; name = d_resample.c; path = "../../../addons/ofxPd/libs/libpd/pure-data/src/d_resample.c"; sourceTree = SOURCE_ROOT; };
		617194FA95231E474992737C /* g_traversal.c */ = {isa = PBXFileReference; explicitFileType = sourcecode.c.c; fileEncoding = 30; name = g_traversal.c; path = "../../../addons/ofxPd/libs/libpd/pure-data/src/g_traversal.c"; sourceTree = SOURCE_ROOT; };
		674D3AA2CD9DDA6D5EFF577B /* d_ctl.c */ = {isa = PBXFileReference; explicitFileType = sourcecode.c.c; fileEncoding = 30; name = d_ctl.c; path = "../../../addons/ofxPd/libs/libpd/pure-data/src/d_ctl.c"; sourceTree = SOURCE_ROOT; };
		68444A0DC8A969728CC4E656 /* z_print_util.c */ = {isa = PBXFileReference; explicitFileType = sourcecode.c.c; fileEncoding = 30; name = z_print_util.c; path = ../../../addons/ofxPd/libs/libpd/libpd_wrapper/util/z_print_util.c; sourceTree = SOURCE_ROOT; };
		6924C85C999075B92B8A93D9 /* d_array.c */ = {isa = PBXFileReference; explicitFileType = sourcecode.c.c; fileEncoding = 30; name = d_array.c; path = "../../../addons/ofxPd/libs/libpd/pure-data/src/d_array.c"; sourceTree = SOURCE_ROOT; };
		6BEBF1126C6E88E7A22AD7E4 /* z_hooks.c */ = {isa = PBXFileReference; explicitFileType = sourcecode.c.c; fileEncoding = 30; name = z_hooks.c; path = ../../../addons/ofxPd/libs/libpd/libpd_wrapper/z_hooks.c; sourceTree = SOURCE_ROOT; };
		6ED475267FD004251BF10586 /* s_file.c */ = {isa = PBXFileReference; explicitFileType = sourcecode.c.c; fileEncoding = 30; name = s_file.c; path = "../../../addons/ofxPd/libs/libpd/pure-data/src/s_file.c"; sourceTree = SOURCE_ROOT; };
		737C0C27DB7B0C9484DCEBAE /* ofxAubioBlock.cpp */ = {isa = PBXFileReference; explicitFileType = sourcecode.cpp.cpp; fileEncoding = 30; name = ofxAubioBlock.cpp; path = ../../../addons/ofxAubio/src/ofxAubioBlock.cpp; sourceTree = SOURCE_ROOT; };
		741D27EFF06AF61D251BD08A /* z_libpd.c */ = {isa = PBXFileReference; explicitFileType = sourcecode.c.c; fileEncoding = 30; name = z_libpd.c; path = ../../../addons/ofxPd/libs/libpd/libpd_wrapper/z_libpd.c; sourceTree = SOURCE_ROOT; };
		75D429F81042120C56F99C22 /* g_io.c */ = {isa = PBXFileReference; explicitFileType = sourcecode.c.c; fileEncoding = 30; name = g_io.c; path = "../../../addons/ofxPd/libs/libpd/pure-data/src/g_io.c"; sourceTree = SOURCE_ROOT; };
		7732F7F574AD2DFC45026A94 /* g_toggle.c */ = {isa = PBXFileReference; explicitFileType = sourcecode.c.c; fileEncoding = 30; name = g_toggle.c; path = "../../../addons/ofxPd/libs/libpd/pure-data/src/g_toggle.c"; sourceTree = SOURCE_ROOT; };
		776A1553D592FD9AA388C543 /* ofxAubioMelBands.cpp */ = {isa = PBXFileReference; explicitFileType = sourcecode.cpp.cpp; fileEncoding = 30; name = ofxAubioMelBands.cpp; path = ../../../addons/ofxAubio/src/ofxAubioMelBands.cpp; sourceTree = SOURCE_ROOT; };
		78A6C42EB5CD224BF76714C8 /* d_fft.c */ = {isa = PBXFileReference; explicitFileType = sourcecode.c.c; fileEncoding = 30; name = d_fft.c; path = "../../../addons/ofxPd/libs/libpd/pure-data/src/d_fft.c"; sourceTree = SOURCE_ROOT; };
		78D67A00EB899FAC09430597 /* ofxLabel.cpp */ = {isa = PBXFileReference; explicitFileType = sourcecode.cpp.cpp; fileEncoding = 30; name = ofxLabel.cpp; path = ../../../addons/ofxGui/src/ofxLabel.cpp; sourceTree = SOURCE_ROOT; };
		802251BAF1B35B1D67B32FD0 /* ofxSliderGroup.cpp */ = {isa = PBXFileReference; explicitFileType = sourcecode.cpp.cpp; fileEncoding = 30; name = ofxSliderGroup.cpp; path = ../../../addons/ofxGui/src/ofxSliderGroup.cpp; sourceTree = SOURCE_ROOT; };
		8224BCB6953A0D8C5FC986B4 /* g_vumeter.c */ = {isa = PBXFileReference; explicitFileType = sourcecode.c.c; fileEncoding = 30; name = g_vumeter.c; path = "../../../addons/ofxPd/libs/libpd/pure-data/src/g_vumeter.c"; sourceTree = SOURCE_ROOT; };
		8251322834FE05309DFA242E /* x_vexp_if.c */ = {isa = PBXFileReference; explicitFileType = sourcecode.c.c; fileEncoding = 30; name = x_vexp_if.c; path = "../../../addons/ofxPd/libs/libpd/pure-data/src/x_vexp_if.c"; sourceTree = SOURCE_ROOT; };
		85A5723F785EE264C97F19A2 /* x_net.c */ = {isa = PBXFileReference; explicitFileType = sourcecode.c.c; fileEncoding = 30; name = x_net.c; path = "../../../addons/ofxPd/libs/libpd/pure-data/src/x_net.c"; sourceTree = SOURCE_ROOT; };
		87C6F9279A2560DDAC6D0B2D /* fiddle~.c */ = {isa = PBXFileReference; explicitFileType = sourcecode.c.c; fileEncoding = 30; name = "fiddle~.c"; path = "../../../addons/ofxPd/libs/libpd/pure-data/extra/fiddle~/fiddle~.c"; sourceTree = SOURCE_ROOT; };
		87F26B4B24CBD428AD9EEBAA /* ofxBaseGui.h */ = {isa = PBXFileReference; explicitFileType = sourcecode.c.h; fileEncoding = 30; name = ofxBaseGui.h; path = ../../../addons/ofxGui/src/ofxBaseGui.h; sourceTree = SOURCE_ROOT; };
		89449E3044D456F7DE7BEA14 /* ofxPanel.h */ = {isa = PBXFileReference; explicitFileType = sourcecode.c.h; fileEncoding = 30; name = ofxPanel.h; path = ../../../addons/ofxGui/src/ofxPanel.h; sourceTree = SOURCE_ROOT; };
		89F84ADD268FA369026A2843 /* pdsched.c */ = {isa = PBXFileReference; explicitFileType = sourcecode.c.c; fileEncoding = 30; name = pdsched.c; path = "../../../addons/ofxPd/libs/libpd/pure-data/extra/pd~/pdsched.c"; sourceTree = SOURCE_ROOT; };
		8A90A4B17BBB4CB627CA22C4 /* ofxAubioOnset.cpp */ = {isa = PBXFileReference; explicitFileType = sourcecode.cpp.cpp; fileEncoding = 30; name = ofxAubioOnset.cpp; path = ../../../addons/ofxAubio/src/ofxAubioOnset.cpp; sourceTree = SOURCE_ROOT; };
		8B905A5EABF3B68295D011FE /* s_loader.c */ = {isa = PBXFileReference; explicitFileType = sourcecode.c.c; fileEncoding = 30; name = s_loader.c; path = "../../../addons/ofxPd/libs/libpd/pure-data/src/s_loader.c"; sourceTree = SOURCE_ROOT; };
		8D23B0A8000F4B8B579E9BA5 /* PdTypes.hpp */ = {isa = PBXFileReference; explicitFileType = sourcecode.c.h; fileEncoding = 30; name = PdTypes.hpp; path = ../../../addons/ofxPd/libs/libpd/cpp/PdTypes.hpp; sourceTree = SOURCE_ROOT; };
		8DC382F17E829EC900BDC6D9 /* z_print_util.h */ = {isa = PBXFileReference; explicitFileType = sourcecode.c.h; fileEncoding = 30; name = z_print_util.h; path = ../../../addons/ofxPd/libs/libpd/libpd_wrapper/util/z_print_util.h; sourceTree = SOURCE_ROOT; };
		8E06D6055662272D6A767A06 /* m_glob.c */ = {isa = PBXFileReference; explicitFileType = sourcecode.c.c; fileEncoding = 30; name = m_glob.c; path = "../../../addons/ofxPd/libs/libpd/pure-data/src/m_glob.c"; sourceTree = SOURCE_ROOT; };
		907C5B5E104864A2D3A25745 /* ofxToggle.cpp */ = {isa = PBXFileReference; explicitFileType = sourcecode.cpp.cpp; fileEncoding = 30; name = ofxToggle.cpp; path = ../../../addons/ofxGui/src/ofxToggle.cpp; sourceTree = SOURCE_ROOT; };
		91AD602F84E295D4A339DABB /* lrshift~.c */ = {isa = PBXFileReference; explicitFileType = sourcecode.c.c; fileEncoding = 30; name = "lrshift~.c"; path = "../../../addons/ofxPd/libs/libpd/pure-data/extra/lrshift~/lrshift~.c"; sourceTree = SOURCE_ROOT; };
		921EDDDC8947ED4636522712 /* s_print.c */ = {isa = PBXFileReference; explicitFileType = sourcecode.c.c; fileEncoding = 30; name = s_print.c; path = "../../../addons/ofxPd/libs/libpd/pure-data/src/s_print.c"; sourceTree = SOURCE_ROOT; };
		93CAC8A94359FD331BAD8CFA /* ofxAubioPitch.cpp */ = {isa = PBXFileReference; explicitFileType = sourcecode.cpp.cpp; fileEncoding = 30; name = ofxAubioPitch.cpp; path = ../../../addons/ofxAubio/src/ofxAubioPitch.cpp; sourceTree = SOURCE_ROOT; };
		9604B925D32EE39065747725 /* ofxBaseGui.cpp */ = {isa = PBXFileReference; explicitFileType = sourcecode.cpp.cpp; fileEncoding = 30; name = ofxBaseGui.cpp; path = ../../../addons/ofxGui/src/ofxBaseGui.cpp; sourceTree = SOURCE_ROOT; };
		9610C4966E67514DAEF1A186 /* PdMidiReceiver.hpp */ = {isa = PBXFileReference; explicitFileType = sourcecode.c.h; fileEncoding = 30; name = PdMidiReceiver.hpp; path = ../../../addons/ofxPd/libs/libpd/cpp/PdMidiReceiver.hpp; sourceTree = SOURCE_ROOT; };
		97EC28001BC755001CA9E351 /* bonk~.c */ = {isa = PBXFileReference; explicitFileType = sourcecode.c.c; fileEncoding = 30; name = "bonk~.c"; path = "../../../addons/ofxPd/libs/libpd/pure-data/extra/bonk~/bonk~.c"; sourceTree = SOURCE_ROOT; };
		9AFC4007C93116900770D2AD /* x_vexp_fun.c */ = {isa = PBXFileReference; explicitFileType = sourcecode.c.c; fileEncoding = 30; name = x_vexp_fun.c; path = "../../../addons/ofxPd/libs/libpd/pure-data/src/x_vexp_fun.c"; sourceTree = SOURCE_ROOT; };
		9C69DFEE749ABBCA5CBAB764 /* x_misc.c */ = {isa = PBXFileReference; explicitFileType = sourcecode.c.c; fileEncoding = 30; name = x_misc.c; path = "../../../addons/ofxPd/libs/libpd/pure-data/src/x_misc.c"; sourceTree = SOURCE_ROOT; };
		9D2C29B96659EBB7A0C5672F /* ofxAubioPitch.h */ = {isa = PBXFileReference; explicitFileType = sourcecode.c.h; fileEncoding = 30; name = ofxAubioPitch.h; path = ../../../addons/ofxAubio/src/ofxAubioPitch.h; sourceTree = SOURCE_ROOT; };
		A2BDF137E2A9EFF3694B25B4 /* g_graph.c */ = {isa = PBXFileReference; explicitFileType = sourcecode.c.c; fileEncoding = 30; name = g_graph.c; path = "../../../addons/ofxPd/libs/libpd/pure-data/src/g_graph.c"; sourceTree = SOURCE_ROOT; };
		A3C9F26BBF6CBA68755EAEB6 /* g_hslider.c */ = {isa = PBXFileReference; explicitFileType = sourcecode.c.c; fileEncoding = 30; name = g_hslider.c; path = "../../../addons/ofxPd/libs/libpd/pure-data/src/g_hslider.c"; sourceTree = SOURCE_ROOT; };
		A7B8D161DA11E1C34ADDDD57 /* x_list.c */ = {isa = PBXFileReference; explicitFileType = sourcecode.c.c; fileEncoding = 30; name = x_list.c; path = "../../../addons/ofxPd/libs/libpd/pure-data/src/x_list.c"; sourceTree = SOURCE_ROOT; };
		A95F11DAABD1F2B1AE1FF709 /* s_inter.c */ = {isa = PBXFileReference; explicitFileType = sourcecode.c.c; fileEncoding = 30; name = s_inter.c; path = "../../../addons/ofxPd/libs/libpd/pure-data/src/s_inter.c"; sourceTree = SOURCE_ROOT; };
		A96B8F6D2ECF14F9304EBD6C /* ofxAubioBeat.cpp */ = {isa = PBXFileReference; explicitFileType = sourcecode.cpp.cpp; fileEncoding = 30; name = ofxAubioBeat.cpp; path = ../../../addons/ofxAubio/src/ofxAubioBeat.cpp; sourceTree = SOURCE_ROOT; };
		A9B7B97845A34CEB03A100F0 /* d_arithmetic.c */ = {isa = PBXFileReference; explicitFileType = sourcecode.c.c; fileEncoding = 30; name = d_arithmetic.c; path = "../../../addons/ofxPd/libs/libpd/pure-data/src/d_arithmetic.c"; sourceTree = SOURCE_ROOT; };
		AA94B0D3D9F9D1F0DC3A98C5 /* m_pd.h */ = {isa = PBXFileReference; explicitFileType = sourcecode.c.h; fileEncoding = 30; name = m_pd.h; path = "../../../addons/ofxPd/libs/libpd/pure-data/src/m_pd.h"; sourceTree = SOURCE_ROOT; };
		AB085657C22174A61D943A36 /* g_array.c */ = {isa = PBXFileReference; explicitFileType = sourcecode.c.c; fileEncoding = 30; name = g_array.c; path = "../../../addons/ofxPd/libs/libpd/pure-data/src/g_array.c"; sourceTree = SOURCE_ROOT; };
		AFF4A11930714D2E6DE83B5E /* x_time.c */ = {isa = PBXFileReference; explicitFileType = sourcecode.c.c; fileEncoding = 30; name = x_time.c; path = "../../../addons/ofxPd/libs/libpd/pure-data/src/x_time.c"; sourceTree = SOURCE_ROOT; };
		B87C60311EC1FE841C1ECD89 /* ofxLabel.h */ = {isa = PBXFileReference; explicitFileType = sourcecode.c.h; fileEncoding = 30; name = ofxLabel.h; path = ../../../addons/ofxGui/src/ofxLabel.h; sourceTree = SOURCE_ROOT; };
		B946076A9958A7012DF0A6BF /* sigmund~.c */ = {isa = PBXFileReference; explicitFileType = sourcecode.c.c; fileEncoding = 30; name = "sigmund~.c"; path = "../../../addons/ofxPd/libs/libpd/pure-data/extra/sigmund~/sigmund~.c"; sourceTree = SOURCE_ROOT; };
		BB7AD905C0E049138E942045 /* m_atom.c */ = {isa = PBXFileReference; explicitFileType = sourcecode.c.c; fileEncoding = 30; name = m_atom.c; path = "../../../addons/ofxPd/libs/libpd/pure-data/src/m_atom.c"; sourceTree = SOURCE_ROOT; };
		BC8923D9E506707DE397F553 /* x_scalar.c */ = {isa = PBXFileReference; explicitFileType = sourcecode.c.c; fileEncoding = 30; name = x_scalar.c; path = "../../../addons/ofxPd/libs/libpd/pure-data/src/x_scalar.c"; sourceTree = SOURCE_ROOT; };
		BFEC3B1999A2F53AEE97A33D /* PdBase.hpp */ = {isa = PBXFileReference; explicitFileType = sourcecode.c.h; fileEncoding = 30; name = PdBase.hpp; path = ../../../addons/ofxPd/libs/libpd/cpp/PdBase.hpp; sourceTree = SOURCE_ROOT; };
		C13BBD58C569986BABEF4C2F /* g_canvas.c */ = {isa = PBXFileReference; explicitFileType = sourcecode.c.c; fileEncoding = 30; name = g_canvas.c; path = "../../../addons/ofxPd/libs/libpd/pure-data/src/g_canvas.c"; sourceTree = SOURCE_ROOT; };
		C3C2542A9AB683E274FBA196 /* pd~.c */ = {isa = PBXFileReference; explicitFileType = sourcecode.c.c; fileEncoding = 30; name = "pd~.c"; path = "../../../addons/ofxPd/libs/libpd/pure-data/extra/pd~/pd~.c"; sourceTree = SOURCE_ROOT; };
		C60EE1CD8E0A09F6F3D01E8B /* g_hdial.c */ = {isa = PBXFileReference; explicitFileType = sourcecode.c.c; fileEncoding = 30; name = g_hdial.c; path = "../../../addons/ofxPd/libs/libpd/pure-data/src/g_hdial.c"; sourceTree = SOURCE_ROOT; };
		C70D8946940288799E82131E /* ofxSliderGroup.h */ = {isa = PBXFileReference; explicitFileType = sourcecode.c.h; fileEncoding = 30; name = ofxSliderGroup.h; path = ../../../addons/ofxGui/src/ofxSliderGroup.h; sourceTree = SOURCE_ROOT; };
		C85B02F3D9048B879888A6A1 /* z_queued.h */ = {isa = PBXFileReference; explicitFileType = sourcecode.c.h; fileEncoding = 30; name = z_queued.h; path = ../../../addons/ofxPd/libs/libpd/libpd_wrapper/util/z_queued.h; sourceTree = SOURCE_ROOT; };
		C88333E71C9457E441C33474 /* ofxButton.cpp */ = {isa = PBXFileReference; explicitFileType = sourcecode.cpp.cpp; fileEncoding = 30; name = ofxButton.cpp; path = ../../../addons/ofxGui/src/ofxButton.cpp; sourceTree = SOURCE_ROOT; };
		C9112034BBD3B2BA72926D52 /* s_stuff.h */ = {isa = PBXFileReference; explicitFileType = sourcecode.c.h; fileEncoding = 30; name = s_stuff.h; path = "../../../addons/ofxPd/libs/libpd/pure-data/src/s_stuff.h"; sourceTree = SOURCE_ROOT; };
		C9B05326BD9454C385DB235F /* x_text.c */ = {isa = PBXFileReference; explicitFileType = sourcecode.c.c; fileEncoding = 30; name = x_text.c; path = "../../../addons/ofxPd/libs/libpd/pure-data/src/x_text.c"; sourceTree = SOURCE_ROOT; };
		C9E0672172ADE339EA1B2B5C /* g_readwrite.c */ = {isa = PBXFileReference; explicitFileType = sourcecode.c.c; fileEncoding = 30; name = g_readwrite.c; path = "../../../addons/ofxPd/libs/libpd/pure-data/src/g_readwrite.c"; sourceTree = SOURCE_ROOT; };
		CD76ED997B6BEC8886C6B28E /* z_queued.c */ = {isa = PBXFileReference; explicitFileType = sourcecode.c.c; fileEncoding = 30; name = z_queued.c; path = ../../../addons/ofxPd/libs/libpd/libpd_wrapper/util/z_queued.c; sourceTree = SOURCE_ROOT; };
		CE2B6BAF505C3182CCE624E9 /* d_misc.c */ = {isa = PBXFileReference; explicitFileType = sourcecode.c.c; fileEncoding = 30; name = d_misc.c; path = "../../../addons/ofxPd/libs/libpd/pure-data/src/d_misc.c"; sourceTree = SOURCE_ROOT; };
		D1E976B635AC494DF0C59727 /* PdTypes.cpp */ = {isa = PBXFileReference; explicitFileType = sourcecode.cpp.cpp; fileEncoding = 30; name = PdTypes.cpp; path = ../../../addons/ofxPd/libs/libpd/cpp/PdTypes.cpp; sourceTree = SOURCE_ROOT; };
		D5E45B4D6FA033025C7C6B63 /* d_filter.c */ = {isa = PBXFileReference; explicitFileType = sourcecode.c.c; fileEncoding = 30; name = d_filter.c; path = "../../../addons/ofxPd/libs/libpd/pure-data/src/d_filter.c"; sourceTree = SOURCE_ROOT; };
		D97E3DFCF296D060DA07EA28 /* g_vslider.c */ = {isa = PBXFileReference; explicitFileType = sourcecode.c.c; fileEncoding = 30; name = g_vslider.c; path = "../../../addons/ofxPd/libs/libpd/pure-data/src/g_vslider.c"; sourceTree = SOURCE_ROOT; };
		DC0D9EDA99DA7C6B6A1510BF /* g_mycanvas.c */ = {isa = PBXFileReference; explicitFileType = sourcecode.c.c; fileEncoding = 30; name = g_mycanvas.c; path = "../../../addons/ofxPd/libs/libpd/pure-data/src/g_mycanvas.c"; sourceTree = SOURCE_ROOT; };
		DF49C6D7242AB1B9C40EF2D0 /* x_array.c */ = {isa = PBXFileReference; explicitFileType = sourcecode.c.c; fileEncoding = 30; name = x_array.c; path = "../../../addons/ofxPd/libs/libpd/pure-data/src/x_array.c"; sourceTree = SOURCE_ROOT; };
		E0A7F4D96739AAA8844FBEA0 /* d_ugen.c */ = {isa = PBXFileReference; explicitFileType = sourcecode.c.c; fileEncoding = 30; name = d_ugen.c; path = "../../../addons/ofxPd/libs/libpd/pure-data/src/d_ugen.c"; sourceTree = SOURCE_ROOT; };
		E112B3AEBEA2C091BF2B40AE /* ofxPanel.cpp */ = {isa = PBXFileReference; explicitFileType = sourcecode.cpp.cpp; fileEncoding = 30; name = ofxPanel.cpp; path = ../../../addons/ofxGui/src/ofxPanel.cpp; sourceTree = SOURCE_ROOT; };
		E1246AD4E3D8F6DCABDDAC02 /* d_global.c */ = {isa = PBXFileReference; explicitFileType = sourcecode.c.c; fileEncoding = 30; name = d_global.c; path = "../../../addons/ofxPd/libs/libpd/pure-data/src/d_global.c"; sourceTree = SOURCE_ROOT; };
		E4328143138ABC890047C5CB /* openFrameworksLib.xcodeproj */ = {isa = PBXFileReference; lastKnownFileType = "wrapper.pb-project"; name = openFrameworksLib.xcodeproj; path = ../../../libs/openFrameworksCompiled/project/osx/openFrameworksLib.xcodeproj; sourceTree = SOURCE_ROOT; };
		E4B69B5B0A3A1756003C02F2 /* autoPitchShifterDebug.app */ = {isa = PBXFileReference; explicitFileType = wrapper.application; includeInIndex = 0; path = autoPitchShifterDebug.app; sourceTree = BUILT_PRODUCTS_DIR; };
		E4B69E1D0A3A1BDC003C02F2 /* main.cpp */ = {isa = PBXFileReference; fileEncoding = 30; lastKnownFileType = sourcecode.cpp.cpp; name = main.cpp; path = src/main.cpp; sourceTree = SOURCE_ROOT; };
		E4B69E1E0A3A1BDC003C02F2 /* ofApp.cpp */ = {isa = PBXFileReference; explicitFileType = sourcecode.cpp.cpp; fileEncoding = 30; name = ofApp.cpp; path = src/ofApp.cpp; sourceTree = SOURCE_ROOT; };
		E4B69E1F0A3A1BDC003C02F2 /* ofApp.h */ = {isa = PBXFileReference; fileEncoding = 30; lastKnownFileType = sourcecode.c.h; name = ofApp.h; path = src/ofApp.h; sourceTree = SOURCE_ROOT; };
		E4B6FCAD0C3E899E008CF71C /* openFrameworks-Info.plist */ = {isa = PBXFileReference; fileEncoding = 30; lastKnownFileType = text.plist.xml; path = "openFrameworks-Info.plist"; sourceTree = "<group>"; };
		E4EB691F138AFCF100A09F29 /* CoreOF.xcconfig */ = {isa = PBXFileReference; fileEncoding = 4; lastKnownFileType = text.xcconfig; name = CoreOF.xcconfig; path = ../../../libs/openFrameworksCompiled/project/osx/CoreOF.xcconfig; sourceTree = SOURCE_ROOT; };
		E4EB6923138AFD0F00A09F29 /* Project.xcconfig */ = {isa = PBXFileReference; fileEncoding = 4; lastKnownFileType = text.xcconfig; path = Project.xcconfig; sourceTree = "<group>"; };
		E6C687AA79F145165EF64E4B /* ofxAubioBeat.h */ = {isa = PBXFileReference; explicitFileType = sourcecode.c.h; fileEncoding = 30; name = ofxAubioBeat.h; path = ../../../addons/ofxAubio/src/ofxAubioBeat.h; sourceTree = SOURCE_ROOT; };
		E7BDAD0B95D8B756220D1D06 /* m_memory.c */ = {isa = PBXFileReference; explicitFileType = sourcecode.c.c; fileEncoding = 30; name = m_memory.c; path = "../../../addons/ofxPd/libs/libpd/pure-data/src/m_memory.c"; sourceTree = SOURCE_ROOT; };
		E80B80E821969027378F6B36 /* ofxPd.h */ = {isa = PBXFileReference; explicitFileType = sourcecode.c.h; fileEncoding = 30; name = ofxPd.h; path = ../../../addons/ofxPd/src/ofxPd.h; sourceTree = SOURCE_ROOT; };
		E8AC4DC19C4AE36E34D91FD1 /* d_math.c */ = {isa = PBXFileReference; explicitFileType = sourcecode.c.c; fileEncoding = 30; name = d_math.c; path = "../../../addons/ofxPd/libs/libpd/pure-data/src/d_math.c"; sourceTree = SOURCE_ROOT; };
		EAE19C5B69BBFC4E6F22973B /* bob~.c */ = {isa = PBXFileReference; explicitFileType = sourcecode.c.c; fileEncoding = 30; name = "bob~.c"; path = "../../../addons/ofxPd/libs/libpd/pure-data/extra/bob~/bob~.c"; sourceTree = SOURCE_ROOT; };
		ECF8674C7975F1063C5E30CA /* ofxGuiGroup.cpp */ = {isa = PBXFileReference; explicitFileType = sourcecode.cpp.cpp; fileEncoding = 30; name = ofxGuiGroup.cpp; path = ../../../addons/ofxGui/src/ofxGuiGroup.cpp; sourceTree = SOURCE_ROOT; };
		EE58DA8EA3E85E9D1827303E /* g_all_guis.c */ = {isa = PBXFileReference; explicitFileType = sourcecode.c.c; fileEncoding = 30; name = g_all_guis.c; path = "../../../addons/ofxPd/libs/libpd/pure-data/src/g_all_guis.c"; sourceTree = SOURCE_ROOT; };
		EEAC1F43910F43FEC899F7DA /* m_imp.h */ = {isa = PBXFileReference; explicitFileType = sourcecode.c.h; fileEncoding = 30; name = m_imp.h; path = "../../../addons/ofxPd/libs/libpd/pure-data/src/m_imp.h"; sourceTree = SOURCE_ROOT; };
		EFBC3C99C351A2C9CE89A59A /* m_obj.c */ = {isa = PBXFileReference; explicitFileType = sourcecode.c.c; fileEncoding = 30; name = m_obj.c; path = "../../../addons/ofxPd/libs/libpd/pure-data/src/m_obj.c"; sourceTree = SOURCE_ROOT; };
		F1A0D6A580CB0F21749A83FC /* x_connective.c */ = {isa = PBXFileReference; explicitFileType = sourcecode.c.c; fileEncoding = 30; name = x_connective.c; path = "../../../addons/ofxPd/libs/libpd/pure-data/src/x_connective.c"; sourceTree = SOURCE_ROOT; };
		F27EC6FE253F687FADCA4055 /* d_osc.c */ = {isa = PBXFileReference; explicitFileType = sourcecode.c.c; fileEncoding = 30; name = d_osc.c; path = "../../../addons/ofxPd/libs/libpd/pure-data/src/d_osc.c"; sourceTree = SOURCE_ROOT; };
		F421BE3B0EF6EE686E9BC27B /* g_vdial.c */ = {isa = PBXFileReference; explicitFileType = sourcecode.c.c; fileEncoding = 30; name = g_vdial.c; path = "../../../addons/ofxPd/libs/libpd/pure-data/src/g_vdial.c"; sourceTree = SOURCE_ROOT; };
		F52CABD66BE8375361D3FB38 /* x_arithmetic.c */ = {isa = PBXFileReference; explicitFileType = sourcecode.c.c; fileEncoding = 30; name = x_arithmetic.c; path = "../../../addons/ofxPd/libs/libpd/pure-data/src/x_arithmetic.c"; sourceTree = SOURCE_ROOT; };
		F56CC0679EEEB21C160FDA16 /* loop~.c */ = {isa = PBXFileReference; explicitFileType = sourcecode.c.c; fileEncoding = 30; name = "loop~.c"; path = "../../../addons/ofxPd/libs/libpd/pure-data/extra/loop~/loop~.c"; sourceTree = SOURCE_ROOT; };
		F67D12EE13E7FCA8DF0C9836 /* g_canvas.h */ = {isa = PBXFileReference; explicitFileType = sourcecode.c.h; fileEncoding = 30; name = g_canvas.h; path = "../../../addons/ofxPd/libs/libpd/pure-data/src/g_canvas.h"; sourceTree = SOURCE_ROOT; };
		F6B1E0DF78EF7086AA13C343 /* d_delay.c */ = {isa = PBXFileReference; explicitFileType = sourcecode.c.c; fileEncoding = 30; name = d_delay.c; path = "../../../addons/ofxPd/libs/libpd/pure-data/src/d_delay.c"; sourceTree = SOURCE_ROOT; };
		F7726CE92BC0F833C7140039 /* pique.c */ = {isa = PBXFileReference; explicitFileType = sourcecode.c.c; fileEncoding = 30; name = pique.c; path = "../../../addons/ofxPd/libs/libpd/pure-data/extra/pique/pique.c"; sourceTree = SOURCE_ROOT; };
		F96600F815252113425D4E74 /* s_main.c */ = {isa = PBXFileReference; explicitFileType = sourcecode.c.c; fileEncoding = 30; name = s_main.c; path = "../../../addons/ofxPd/libs/libpd/pure-data/src/s_main.c"; sourceTree = SOURCE_ROOT; };
		FA7D291A6ACE933359353BC1 /* s_audio_dummy.c */ = {isa = PBXFileReference; explicitFileType = sourcecode.c.c; fileEncoding = 30; name = s_audio_dummy.c; path = "../../../addons/ofxPd/libs/libpd/pure-data/src/s_audio_dummy.c"; sourceTree = SOURCE_ROOT; };
		FE5C604568BC1ECAE7CAD2E6 /* g_scalar.c */ = {isa = PBXFileReference; explicitFileType = sourcecode.c.c; fileEncoding = 30; name = g_scalar.c; path = "../../../addons/ofxPd/libs/libpd/pure-data/src/g_scalar.c"; sourceTree = SOURCE_ROOT; };
		FF964250A013FB0012E9CB5F /* d_fft_fftsg.c */ = {isa = PBXFileReference; explicitFileType = sourcecode.c.c; fileEncoding = 30; name = d_fft_fftsg.c; path = "../../../addons/ofxPd/libs/libpd/pure-data/src/d_fft_fftsg.c"; sourceTree = SOURCE_ROOT; };
		FFDDFDCCFC7FCF338A66EE58 /* z_hooks.h */ = {isa = PBXFileReference; explicitFileType = sourcecode.c.h; fileEncoding = 30; name = z_hooks.h; path = ../../../addons/ofxPd/libs/libpd/libpd_wrapper/z_hooks.h; sourceTree = SOURCE_ROOT; };
/* End PBXFileReference section */

/* Begin PBXFrameworksBuildPhase section */
		E4B69B590A3A1756003C02F2 /* Frameworks */ = {
			isa = PBXFrameworksBuildPhase;
			buildActionMask = 2147483647;
			files = (
				E4328149138ABC9F0047C5CB /* openFrameworksDebug.a in Frameworks */,
				509B64A21FDEE57D0046D461 /* aubio.framework in Frameworks */,
			);
			runOnlyForDeploymentPostprocessing = 0;
		};
/* End PBXFrameworksBuildPhase section */

/* Begin PBXGroup section */
		09E1541D226A2AAF6267DAFC /* extra */ = {
			isa = PBXGroup;
			children = (
				A51166FD6D2427E81E16E68A /* pique */,
				C5626E4CB747FA9B0084A213 /* fiddle~ */,
				C644EE91AAB9A26408E087F9 /* stdout */,
				0A321944D5721F4BA5BA0BCD /* loop~ */,
				B570FF0AC927DB9077F8CBDA /* bonk~ */,
				3FCB02CD62D958684E98D95D /* lrshift~ */,
				59C097687A61F65E75D85DAA /* choice */,
				3DC9935DA0ABF1E5E196FBBE /* sigmund~ */,
				D872F289CFA7CD9AFE0F20F8 /* bob~ */,
				4B1188E8C2505D8793B4851A /* pd~ */,
			);
			name = extra;
			sourceTree = "<group>";
		};
		0A321944D5721F4BA5BA0BCD /* loop~ */ = {
			isa = PBXGroup;
			children = (
				F56CC0679EEEB21C160FDA16 /* loop~.c */,
			);
			name = "loop~";
			sourceTree = "<group>";
		};
		27699C56EB9BEF85DDCEFD14 /* libpd */ = {
			isa = PBXGroup;
			children = (
				6F956C2A0F5F2C7ABF68FF90 /* libpd_wrapper */,
				9ADFF3120BFC453FCBCBC5DA /* pure-data */,
				A370D85EE3B62D2072C4C43F /* cpp */,
			);
			name = libpd;
			sourceTree = "<group>";
		};
		280462C1CECEF18AAECE92DE /* src */ = {
			isa = PBXGroup;
			children = (
				9D2C29B96659EBB7A0C5672F /* ofxAubioPitch.h */,
				E6C687AA79F145165EF64E4B /* ofxAubioBeat.h */,
				3B6AFA97F893CE28547CFCDC /* ofxAubio.h */,
				8A90A4B17BBB4CB627CA22C4 /* ofxAubioOnset.cpp */,
				737C0C27DB7B0C9484DCEBAE /* ofxAubioBlock.cpp */,
				238BB8FC8860C7A7012B2E27 /* ofxAubioMelBands.h */,
				93CAC8A94359FD331BAD8CFA /* ofxAubioPitch.cpp */,
				0984191B2003C1E86CF4C57A /* ofxAubioOnset.h */,
				4B17A983E507AB0B3F71A2D6 /* ofxAubioBlock.h */,
				776A1553D592FD9AA388C543 /* ofxAubioMelBands.cpp */,
				A96B8F6D2ECF14F9304EBD6C /* ofxAubioBeat.cpp */,
			);
			name = src;
			sourceTree = "<group>";
		};
		33CBE85818AD7949E9BCB676 /* util */ = {
			isa = PBXGroup;
			children = (
				CD76ED997B6BEC8886C6B28E /* z_queued.c */,
				68444A0DC8A969728CC4E656 /* z_print_util.c */,
				388CEC9FA2E2E77F5EC26BF9 /* ringbuffer.c */,
				C85B02F3D9048B879888A6A1 /* z_queued.h */,
				8DC382F17E829EC900BDC6D9 /* z_print_util.h */,
				2C9954F28EA0AA54DDDEBF9D /* ringbuffer.h */,
			);
			name = util;
			sourceTree = "<group>";
		};
		3C7397EB0FEF9F567A833020 /* libs */ = {
			isa = PBXGroup;
			children = (
				27699C56EB9BEF85DDCEFD14 /* libpd */,
			);
			name = libs;
			sourceTree = "<group>";
		};
		3DC9935DA0ABF1E5E196FBBE /* sigmund~ */ = {
			isa = PBXGroup;
			children = (
				B946076A9958A7012DF0A6BF /* sigmund~.c */,
			);
			name = "sigmund~";
			sourceTree = "<group>";
		};
		3FCB02CD62D958684E98D95D /* lrshift~ */ = {
			isa = PBXGroup;
			children = (
				91AD602F84E295D4A339DABB /* lrshift~.c */,
			);
			name = "lrshift~";
			sourceTree = "<group>";
		};
		480A780D8D0308AE4A368801 /* ofxGui */ = {
			isa = PBXGroup;
			children = (
				A763ED608B35AE3310251DEE /* src */,
			);
			name = ofxGui;
			sourceTree = "<group>";
		};
		4B1188E8C2505D8793B4851A /* pd~ */ = {
			isa = PBXGroup;
			children = (
				89F84ADD268FA369026A2843 /* pdsched.c */,
				C3C2542A9AB683E274FBA196 /* pd~.c */,
			);
			name = "pd~";
			sourceTree = "<group>";
		};
		59C097687A61F65E75D85DAA /* choice */ = {
			isa = PBXGroup;
			children = (
				0273C141CFED8EFF16B43469 /* choice.c */,
			);
			name = choice;
			sourceTree = "<group>";
		};
		6948EE371B920CB800B5AC1A /* local_addons */ = {
			isa = PBXGroup;
			children = (
				509B64A11FDEE57D0046D461 /* aubio.framework */,
			);
			name = local_addons;
			sourceTree = "<group>";
		};
		6F4F6D5FE9CBFFE7D04E721D /* src */ = {
			isa = PBXGroup;
			children = (
				33A49B2B874C7650F3E7099E /* ofxPd.cpp */,
				E80B80E821969027378F6B36 /* ofxPd.h */,
			);
			name = src;
			sourceTree = "<group>";
		};
		6F956C2A0F5F2C7ABF68FF90 /* libpd_wrapper */ = {
			isa = PBXGroup;
			children = (
				39956E78EE1AF0888B94358B /* z_libpd.h */,
				33CBE85818AD7949E9BCB676 /* util */,
				6BEBF1126C6E88E7A22AD7E4 /* z_hooks.c */,
				0A79949C57D46DAE4C80FAC4 /* x_libpdreceive.h */,
				524BC63EACFB3776086FD775 /* x_libpdreceive.c */,
				FFDDFDCCFC7FCF338A66EE58 /* z_hooks.h */,
				741D27EFF06AF61D251BD08A /* z_libpd.c */,
				0EE2DA6054C3F218B6CF8B2A /* s_libpdmidi.c */,
			);
			name = libpd_wrapper;
			sourceTree = "<group>";
		};
		93621CC75EED5D310C6ADC19 /* ofxAubio */ = {
			isa = PBXGroup;
			children = (
				280462C1CECEF18AAECE92DE /* src */,
			);
			name = ofxAubio;
			sourceTree = "<group>";
		};
		9ADFF3120BFC453FCBCBC5DA /* pure-data */ = {
			isa = PBXGroup;
			children = (
				09E1541D226A2AAF6267DAFC /* extra */,
				C49469D7B00BF9A570469FC0 /* src */,
			);
			name = "pure-data";
			sourceTree = "<group>";
		};
		A370D85EE3B62D2072C4C43F /* cpp */ = {
			isa = PBXGroup;
			children = (
				D1E976B635AC494DF0C59727 /* PdTypes.cpp */,
				0BBB709C1538C828C1BC70FB /* PdBase.cpp */,
				1E574845405F25DFD38F497B /* PdReceiver.hpp */,
				9610C4966E67514DAEF1A186 /* PdMidiReceiver.hpp */,
				8D23B0A8000F4B8B579E9BA5 /* PdTypes.hpp */,
				BFEC3B1999A2F53AEE97A33D /* PdBase.hpp */,
			);
			name = cpp;
			sourceTree = "<group>";
		};
		A51166FD6D2427E81E16E68A /* pique */ = {
			isa = PBXGroup;
			children = (
				F7726CE92BC0F833C7140039 /* pique.c */,
			);
			name = pique;
			sourceTree = "<group>";
		};
		A763ED608B35AE3310251DEE /* src */ = {
			isa = PBXGroup;
			children = (
				1C0DA2561397A7DE0246858B /* ofxGuiGroup.h */,
				9604B925D32EE39065747725 /* ofxBaseGui.cpp */,
				802251BAF1B35B1D67B32FD0 /* ofxSliderGroup.cpp */,
				907C5B5E104864A2D3A25745 /* ofxToggle.cpp */,
				C88333E71C9457E441C33474 /* ofxButton.cpp */,
				ECF8674C7975F1063C5E30CA /* ofxGuiGroup.cpp */,
				0A1DAC09F322AE313A40706D /* ofxToggle.h */,
				78D67A00EB899FAC09430597 /* ofxLabel.cpp */,
				52AFA1F08C420992CAAAE648 /* ofxSlider.h */,
				17E65988300FBD9AAA2CD0CA /* ofxGui.h */,
				87F26B4B24CBD428AD9EEBAA /* ofxBaseGui.h */,
				2834D88A62CD23F3DE2C47D1 /* ofxButton.h */,
				B87C60311EC1FE841C1ECD89 /* ofxLabel.h */,
				C70D8946940288799E82131E /* ofxSliderGroup.h */,
				E112B3AEBEA2C091BF2B40AE /* ofxPanel.cpp */,
				15F2C6477A769C03A56D1401 /* ofxSlider.cpp */,
				89449E3044D456F7DE7BEA14 /* ofxPanel.h */,
			);
			name = src;
			sourceTree = "<group>";
		};
		B570FF0AC927DB9077F8CBDA /* bonk~ */ = {
			isa = PBXGroup;
			children = (
				97EC28001BC755001CA9E351 /* bonk~.c */,
			);
			name = "bonk~";
			sourceTree = "<group>";
		};
		BB4B014C10F69532006C3DED /* addons */ = {
			isa = PBXGroup;
			children = (
				93621CC75EED5D310C6ADC19 /* ofxAubio */,
				480A780D8D0308AE4A368801 /* ofxGui */,
				D774F7F6898330925BBAE5D9 /* ofxPd */,
			);
			name = addons;
			sourceTree = "<group>";
		};
		C49469D7B00BF9A570469FC0 /* src */ = {
			isa = PBXGroup;
			children = (
				AFF4A11930714D2E6DE83B5E /* x_time.c */,
				F421BE3B0EF6EE686E9BC27B /* g_vdial.c */,
				A9B7B97845A34CEB03A100F0 /* d_arithmetic.c */,
				2D1B8CC8F777532E991B7952 /* g_editor.c */,
				BB7AD905C0E049138E942045 /* m_atom.c */,
				A95F11DAABD1F2B1AE1FF709 /* s_inter.c */,
				4BE14A515B465F9F94740B1E /* x_midi.c */,
				067C8E708140C9C4F165EF57 /* x_interface.c */,
				C9B05326BD9454C385DB235F /* x_text.c */,
				DC0D9EDA99DA7C6B6A1510BF /* g_mycanvas.c */,
				9AFC4007C93116900770D2AD /* x_vexp_fun.c */,
				78A6C42EB5CD224BF76714C8 /* d_fft.c */,
				CE2B6BAF505C3182CCE624E9 /* d_misc.c */,
				17D3A4637D93017C179D6B8A /* g_all_guis.h */,
				0F51CC084414F693A2BDD127 /* d_dac.c */,
				2DE0F5ADBE3BC1C764445E92 /* d_soundfile.c */,
				1AAB5987705B5E38E576A004 /* s_utf8.c */,
				2FE1CE2510D6011389D5961F /* m_pd.c */,
				D5E45B4D6FA033025C7C6B63 /* d_filter.c */,
				A2BDF137E2A9EFF3694B25B4 /* g_graph.c */,
				9C69DFEE749ABBCA5CBAB764 /* x_misc.c */,
				C9112034BBD3B2BA72926D52 /* s_stuff.h */,
				F67D12EE13E7FCA8DF0C9836 /* g_canvas.h */,
				BC8923D9E506707DE397F553 /* x_scalar.c */,
				11FDFBEE0118F4F0FFBC8F4B /* m_binbuf.c */,
				3C236AE01DAAFA068C3E0295 /* g_rtext.c */,
				515E593073CA88F62A0C63DE /* s_audio.c */,
				1432C49539CC5A34A4FB81FF /* g_guiconnect.c */,
				FE5C604568BC1ECAE7CAD2E6 /* g_scalar.c */,
				553E49923295D33C5D28005E /* x_vexp.h */,
				2EA7ED6EF5D63899EA3E1EE2 /* g_clone.c */,
				8E06D6055662272D6A767A06 /* m_glob.c */,
				85A5723F785EE264C97F19A2 /* x_net.c */,
				C60EE1CD8E0A09F6F3D01E8B /* g_hdial.c */,
				674D3AA2CD9DDA6D5EFF577B /* d_ctl.c */,
				A7B8D161DA11E1C34ADDDD57 /* x_list.c */,
				75D429F81042120C56F99C22 /* g_io.c */,
				2EE5752FE9F3922F36D2C46B /* x_acoustics.c */,
				C9E0672172ADE339EA1B2B5C /* g_readwrite.c */,
				3CB2561D8AF9EAFBD16740FD /* g_numbox.c */,
				8224BCB6953A0D8C5FC986B4 /* g_vumeter.c */,
				FF964250A013FB0012E9CB5F /* d_fft_fftsg.c */,
				7732F7F574AD2DFC45026A94 /* g_toggle.c */,
				6ED475267FD004251BF10586 /* s_file.c */,
				AB085657C22174A61D943A36 /* g_array.c */,
				3C2E6361E3947F0ED5300A1A /* g_bang.c */,
				2BCE517343637B7D81B1DEB4 /* s_utf8.h */,
				F27EC6FE253F687FADCA4055 /* d_osc.c */,
				F6B1E0DF78EF7086AA13C343 /* d_delay.c */,
				AA94B0D3D9F9D1F0DC3A98C5 /* m_pd.h */,
				D97E3DFCF296D060DA07EA28 /* g_vslider.c */,
				EEAC1F43910F43FEC899F7DA /* m_imp.h */,
				8B905A5EABF3B68295D011FE /* s_loader.c */,
				FA7D291A6ACE933359353BC1 /* s_audio_dummy.c */,
				E7BDAD0B95D8B756220D1D06 /* m_memory.c */,
				921EDDDC8947ED4636522712 /* s_print.c */,
				EE58DA8EA3E85E9D1827303E /* g_all_guis.c */,
				1FE113A1032ECB638E24AF1C /* m_class.c */,
				28774F114D90A84348384CBA /* m_sched.c */,
				F96600F815252113425D4E74 /* s_main.c */,
				30A100BA1D5AFA3CA62C1C8A /* g_template.c */,
				6924C85C999075B92B8A93D9 /* d_array.c */,
				C13BBD58C569986BABEF4C2F /* g_canvas.c */,
				F52CABD66BE8375361D3FB38 /* x_arithmetic.c */,
				E8AC4DC19C4AE36E34D91FD1 /* d_math.c */,
				A3C9F26BBF6CBA68755EAEB6 /* g_hslider.c */,
				8251322834FE05309DFA242E /* x_vexp_if.c */,
				EFBC3C99C351A2C9CE89A59A /* m_obj.c */,
				288F7169CFEB722BB4EEAF07 /* m_conf.c */,
				51D837462D91A0E2799F53D4 /* x_gui.c */,
				59F628DE75E715DA81DABB03 /* d_resample.c */,
				DF49C6D7242AB1B9C40EF2D0 /* x_array.c */,
				E0A7F4D96739AAA8844FBEA0 /* d_ugen.c */,
				4077824B587244595D8A5186 /* g_text.c */,
				E1246AD4E3D8F6DCABDDAC02 /* d_global.c */,
				389DBDD636F78AF2BDA79C13 /* x_vexp.c */,
				F1A0D6A580CB0F21749A83FC /* x_connective.c */,
				617194FA95231E474992737C /* g_traversal.c */,
				2BFCC35A339F99DA2DD9A047 /* s_path.c */,
			);
			name = src;
			sourceTree = "<group>";
		};
		C5626E4CB747FA9B0084A213 /* fiddle~ */ = {
			isa = PBXGroup;
			children = (
				87C6F9279A2560DDAC6D0B2D /* fiddle~.c */,
			);
			name = "fiddle~";
			sourceTree = "<group>";
		};
		C644EE91AAB9A26408E087F9 /* stdout */ = {
			isa = PBXGroup;
			children = (
				3D0015082F7D479291A2DA1B /* stdout.c */,
			);
			name = stdout;
			sourceTree = "<group>";
		};
		D774F7F6898330925BBAE5D9 /* ofxPd */ = {
			isa = PBXGroup;
			children = (
				6F4F6D5FE9CBFFE7D04E721D /* src */,
				3C7397EB0FEF9F567A833020 /* libs */,
			);
			name = ofxPd;
			sourceTree = "<group>";
		};
		D872F289CFA7CD9AFE0F20F8 /* bob~ */ = {
			isa = PBXGroup;
			children = (
				EAE19C5B69BBFC4E6F22973B /* bob~.c */,
			);
			name = "bob~";
			sourceTree = "<group>";
		};
		E4328144138ABC890047C5CB /* Products */ = {
			isa = PBXGroup;
			children = (
				E4328148138ABC890047C5CB /* openFrameworksDebug.a */,
			);
			name = Products;
			sourceTree = "<group>";
		};
		E4B69B4A0A3A1720003C02F2 = {
			isa = PBXGroup;
			children = (
				E4B6FCAD0C3E899E008CF71C /* openFrameworks-Info.plist */,
				E4EB6923138AFD0F00A09F29 /* Project.xcconfig */,
				E4B69E1C0A3A1BDC003C02F2 /* src */,
				E4EEC9E9138DF44700A80321 /* openFrameworks */,
				BB4B014C10F69532006C3DED /* addons */,
				6948EE371B920CB800B5AC1A /* local_addons */,
				E4B69B5B0A3A1756003C02F2 /* autoPitchShifterDebug.app */,
			);
			sourceTree = "<group>";
		};
		E4B69E1C0A3A1BDC003C02F2 /* src */ = {
			isa = PBXGroup;
			children = (
				E4B69E1D0A3A1BDC003C02F2 /* main.cpp */,
				E4B69E1E0A3A1BDC003C02F2 /* ofApp.cpp */,
				E4B69E1F0A3A1BDC003C02F2 /* ofApp.h */,
				50E70E971FE94CF9006CC4DF /* GuiRenderer.cpp */,
				50E70E961FE94CE9006CC4DF /* GuiRenderer.h */,
			);
			path = src;
			sourceTree = SOURCE_ROOT;
		};
		E4EEC9E9138DF44700A80321 /* openFrameworks */ = {
			isa = PBXGroup;
			children = (
				E4EB691F138AFCF100A09F29 /* CoreOF.xcconfig */,
				E4328143138ABC890047C5CB /* openFrameworksLib.xcodeproj */,
			);
			name = openFrameworks;
			sourceTree = "<group>";
		};
/* End PBXGroup section */

/* Begin PBXNativeTarget section */
		E4B69B5A0A3A1756003C02F2 /* autoPitchShifter */ = {
			isa = PBXNativeTarget;
			buildConfigurationList = E4B69B5F0A3A1757003C02F2 /* Build configuration list for PBXNativeTarget "autoPitchShifter" */;
			buildPhases = (
				E4B69B580A3A1756003C02F2 /* Sources */,
				E4B69B590A3A1756003C02F2 /* Frameworks */,
				E4B6FFFD0C3F9AB9008CF71C /* ShellScript */,
				E4C2427710CC5ABF004149E2 /* CopyFiles */,
			);
			buildRules = (
			);
			dependencies = (
				E4EEB9AC138B136A00A80321 /* PBXTargetDependency */,
			);
			name = autoPitchShifter;
			productName = myOFApp;
			productReference = E4B69B5B0A3A1756003C02F2 /* autoPitchShifterDebug.app */;
			productType = "com.apple.product-type.application";
		};
/* End PBXNativeTarget section */

/* Begin PBXProject section */
		E4B69B4C0A3A1720003C02F2 /* Project object */ = {
			isa = PBXProject;
			attributes = {
				LastUpgradeCheck = 0600;
			};
			buildConfigurationList = E4B69B4D0A3A1720003C02F2 /* Build configuration list for PBXProject "autoPitchShifter" */;
			compatibilityVersion = "Xcode 3.2";
			developmentRegion = English;
			hasScannedForEncodings = 0;
			knownRegions = (
				English,
				Japanese,
				French,
				German,
			);
			mainGroup = E4B69B4A0A3A1720003C02F2;
			productRefGroup = E4B69B4A0A3A1720003C02F2;
			projectDirPath = "";
			projectReferences = (
				{
					ProductGroup = E4328144138ABC890047C5CB /* Products */;
					ProjectRef = E4328143138ABC890047C5CB /* openFrameworksLib.xcodeproj */;
				},
			);
			projectRoot = "";
			targets = (
				E4B69B5A0A3A1756003C02F2 /* autoPitchShifter */,
			);
		};
/* End PBXProject section */

/* Begin PBXReferenceProxy section */
		E4328148138ABC890047C5CB /* openFrameworksDebug.a */ = {
			isa = PBXReferenceProxy;
			fileType = archive.ar;
			path = openFrameworksDebug.a;
			remoteRef = E4328147138ABC890047C5CB /* PBXContainerItemProxy */;
			sourceTree = BUILT_PRODUCTS_DIR;
		};
/* End PBXReferenceProxy section */

/* Begin PBXShellScriptBuildPhase section */
		E4B6FFFD0C3F9AB9008CF71C /* ShellScript */ = {
			isa = PBXShellScriptBuildPhase;
			buildActionMask = 2147483647;
			files = (
			);
			inputPaths = (
			);
			outputPaths = (
			);
			runOnlyForDeploymentPostprocessing = 0;
			shellPath = /bin/sh;
			shellScript = "mkdir -p \"$TARGET_BUILD_DIR/$PRODUCT_NAME.app/Contents/Resources/\"\n# Copy default icon file into App/Resources\nrsync -aved \"$ICON_FILE\" \"$TARGET_BUILD_DIR/$PRODUCT_NAME.app/Contents/Resources/\"\n# Copy libfmod and change install directory for fmod to run\nrsync -aved ../../../libs/fmodex/lib/osx/libfmodex.dylib \"$TARGET_BUILD_DIR/$PRODUCT_NAME.app/Contents/Frameworks/\";\ninstall_name_tool -change @executable_path/libfmodex.dylib @executable_path/../Frameworks/libfmodex.dylib \"$TARGET_BUILD_DIR/$PRODUCT_NAME.app/Contents/MacOS/$PRODUCT_NAME\";\n# Copy GLUT framework (must remove for AppStore submissions)\nrsync -aved ../../../libs/glut/lib/osx/GLUT.framework \"$TARGET_BUILD_DIR/$PRODUCT_NAME.app/Contents/Frameworks/\"\n";
		};
/* End PBXShellScriptBuildPhase section */

/* Begin PBXSourcesBuildPhase section */
		E4B69B580A3A1756003C02F2 /* Sources */ = {
			isa = PBXSourcesBuildPhase;
			buildActionMask = 2147483647;
			files = (
				E4B69E200A3A1BDC003C02F2 /* main.cpp in Sources */,
				E4B69E210A3A1BDC003C02F2 /* ofApp.cpp in Sources */,
				9C7B8B4D99CDFC508E76CC3A /* ofxAubioOnset.cpp in Sources */,
				C60077973A257D8F44947E2E /* ofxAubioBlock.cpp in Sources */,
				101D2DB773940813A5C898CD /* ofxAubioPitch.cpp in Sources */,
				67383740F5CC47ED5F955A76 /* ofxAubioMelBands.cpp in Sources */,
				479DCA850DD8BB469A777AD4 /* ofxAubioBeat.cpp in Sources */,
				856AA354D08AB4B323081444 /* ofxBaseGui.cpp in Sources */,
				B56FE57CC35806596D38118C /* ofxSliderGroup.cpp in Sources */,
				1CD33E884D9E3358252E82A1 /* ofxToggle.cpp in Sources */,
				5CBB2AB3A60F65431D7B555D /* ofxButton.cpp in Sources */,
				B266578FC55D23BFEBC042E7 /* ofxGuiGroup.cpp in Sources */,
				483908258D00B98B4BE69F07 /* ofxLabel.cpp in Sources */,
				F285EB3169F1566CA3D93C20 /* ofxPanel.cpp in Sources */,
				837220E80EB56CD44AD27F2A /* ofxSlider.cpp in Sources */,
				6B08955674AF4B0CB1268787 /* ofxPd.cpp in Sources */,
				71D0703AC4273CD4836AFEB8 /* z_queued.c in Sources */,
				7AF773C3595A333EF6C49A6B /* z_print_util.c in Sources */,
				9C908654F2EC96C390AC467C /* ringbuffer.c in Sources */,
				76D57156444CB9BF58E6E01F /* z_hooks.c in Sources */,
				D8AFCED92D5514E8580A4ABC /* x_libpdreceive.c in Sources */,
				E94A9217ADCDF72404752237 /* z_libpd.c in Sources */,
				6911E01FEB7A4E736CAB7E6C /* s_libpdmidi.c in Sources */,
				36F094871BCE984210F47203 /* pique.c in Sources */,
				1D7B9BAA73D029B7D342BD10 /* fiddle~.c in Sources */,
				7FA98961B97F6388A930FF4C /* stdout.c in Sources */,
				717BB86366F08623F5524BDF /* loop~.c in Sources */,
				90F3886C34910F6655634FDB /* bonk~.c in Sources */,
				1EC960D751D8E0563978C717 /* lrshift~.c in Sources */,
				AB6A1E0EB79546A10936EAC0 /* choice.c in Sources */,
				BB92459348E8496D144518C0 /* sigmund~.c in Sources */,
				A7F75B701E2BF4C71379D4A4 /* bob~.c in Sources */,
				D21112A27514DAD7FEBE0E37 /* pdsched.c in Sources */,
				C80E76F000452DD006C31F3D /* pd~.c in Sources */,
				1C52472095475952DF505D99 /* x_time.c in Sources */,
				FC0775769A9FFB4906D39E6D /* g_vdial.c in Sources */,
				C318655C47AEF7BE8103803A /* d_arithmetic.c in Sources */,
				107C704FD3DDDA7C14981E70 /* g_editor.c in Sources */,
				50F096CFDBAD1EC45E92416E /* m_atom.c in Sources */,
				DC10973CC286CE1D51EDABA5 /* s_inter.c in Sources */,
				CD8DC3F354F581A8B877E4A1 /* x_midi.c in Sources */,
				A2A5D4DFB18C0542F8648BA9 /* x_interface.c in Sources */,
				3F70DB86E9F4E6AC4EE70C3A /* x_text.c in Sources */,
				D00C3EB2D372B107D709123B /* g_mycanvas.c in Sources */,
				6985D2AAF8DBDFCA9D8839C1 /* x_vexp_fun.c in Sources */,
				18052988C8ED707F6DBDBAD4 /* d_fft.c in Sources */,
				DBC6A9793CEA79C41570A743 /* d_misc.c in Sources */,
				8C4791DC1966643B8C91552B /* d_dac.c in Sources */,
				1C4FC7CEB109A02B160E1092 /* d_soundfile.c in Sources */,
				3B43120363DE01A16E2ED8D9 /* s_utf8.c in Sources */,
				75B90CF8644FE0FB9344C7D2 /* m_pd.c in Sources */,
				8EF4E7A911554CDF01359582 /* d_filter.c in Sources */,
				21DE514257119B92345B0900 /* g_graph.c in Sources */,
				2687B1C07A10EEAD7689CF27 /* x_misc.c in Sources */,
				8A66555E250D916BE02C75B9 /* x_scalar.c in Sources */,
				89A7DDAAC596E94D0BC906E0 /* m_binbuf.c in Sources */,
				41F97C99669CC61FD6817C51 /* g_rtext.c in Sources */,
				BD3754CC626B317C655FA4BF /* s_audio.c in Sources */,
				9B6405AE8F948A9F1D414004 /* g_guiconnect.c in Sources */,
				65DA614285C35696FE4C302E /* g_scalar.c in Sources */,
				77164A632D452D94040D6BB9 /* g_clone.c in Sources */,
				9EBAF5B1949B2AFC1A34E934 /* m_glob.c in Sources */,
				F8AF00EAEC60DB3BA134C090 /* x_net.c in Sources */,
				B280FB993A13CDF036EF3D34 /* g_hdial.c in Sources */,
				2DF23C94600F317B51401032 /* d_ctl.c in Sources */,
				8D23876322D4CCE67787E985 /* x_list.c in Sources */,
				FC27FCD0C864693E52830A9B /* g_io.c in Sources */,
				60CEF052E3D03AF6216E6390 /* x_acoustics.c in Sources */,
				F9505DC18EE83A59C86E5BC5 /* g_readwrite.c in Sources */,
				7588D0AA7678266FBC4F1613 /* g_numbox.c in Sources */,
				DE4C470FE9636BD647EEDD86 /* g_vumeter.c in Sources */,
				3DF941D4B52123B481FF4A5D /* d_fft_fftsg.c in Sources */,
				F584319533FA8934453C58FB /* g_toggle.c in Sources */,
				6D29DB73AFAD6EB136B9867B /* s_file.c in Sources */,
				6960B867646C21743438DA55 /* g_array.c in Sources */,
				7B2651CDC15D43638F6D2807 /* g_bang.c in Sources */,
				49C1EFD45F6BB2292E09D84D /* d_osc.c in Sources */,
				4112DA22A38568E370255F1E /* d_delay.c in Sources */,
				50E70E991FE94CF9006CC4DF /* GuiRenderer.cpp in Sources */,
				11EA274EF34B86E9D63C3EBD /* g_vslider.c in Sources */,
				660D59CA6EF233EBCBCD8EFA /* s_loader.c in Sources */,
				43E7F9BCBED7CD0D3427F707 /* s_audio_dummy.c in Sources */,
				DDF8019F55FA1BB4053A4CE4 /* m_memory.c in Sources */,
				00D21D8B5B8F3073F281780B /* s_print.c in Sources */,
				0AB9342E6DEAB36AA3A43C1F /* g_all_guis.c in Sources */,
				87DBAD2CF0EF3C931CA0EB27 /* m_class.c in Sources */,
				B953A5F6BD2E8D4D89C9627B /* m_sched.c in Sources */,
				5472CCBDC7B6C1AF21661319 /* s_main.c in Sources */,
				B09E0E6E84DB5533C187961A /* g_template.c in Sources */,
				A63F0FD6679EDFB16C7B4333 /* d_array.c in Sources */,
				CC0F075B5F4A4922B75642E2 /* g_canvas.c in Sources */,
				733250F70357305CEEEFC4B0 /* x_arithmetic.c in Sources */,
				FAF1B9D150A97F982B44AA1B /* d_math.c in Sources */,
				7A4EDAB9E3A0942248B588A4 /* g_hslider.c in Sources */,
				94DD0070DA9728FF161C84D5 /* x_vexp_if.c in Sources */,
				8E73B0E1E11E7E71D9FBFA5D /* m_obj.c in Sources */,
				C3167F8E5105283443E3D5BF /* m_conf.c in Sources */,
				8D0AE1788C0B1BE0DBF2D219 /* x_gui.c in Sources */,
				D9AB994BC2BD19C9DBF8AD04 /* d_resample.c in Sources */,
				3F90AA370B6275D5C9E44F1E /* x_array.c in Sources */,
				03FA63D8F7F45C5D44A11006 /* d_ugen.c in Sources */,
				B99B465051A4A82D6B370549 /* g_text.c in Sources */,
				FFC9E94E49E52240FD9349BF /* d_global.c in Sources */,
				DAF420C3195DE839D5F3154B /* x_vexp.c in Sources */,
				E0729A44E408FDDF4E99DF35 /* x_connective.c in Sources */,
				E102EA5D859E99B83196A920 /* g_traversal.c in Sources */,
				A2DF1BE48C5A502CB1763443 /* s_path.c in Sources */,
				8FD00A16EFFF9A2098F2E5E8 /* PdTypes.cpp in Sources */,
				4C7BC3489171413574CC398B /* PdBase.cpp in Sources */,
			);
			runOnlyForDeploymentPostprocessing = 0;
		};
/* End PBXSourcesBuildPhase section */

/* Begin PBXTargetDependency section */
		E4EEB9AC138B136A00A80321 /* PBXTargetDependency */ = {
			isa = PBXTargetDependency;
			name = openFrameworks;
			targetProxy = E4EEB9AB138B136A00A80321 /* PBXContainerItemProxy */;
		};
/* End PBXTargetDependency section */

/* Begin XCBuildConfiguration section */
		E4B69B4E0A3A1720003C02F2 /* Debug */ = {
			isa = XCBuildConfiguration;
			baseConfigurationReference = E4EB6923138AFD0F00A09F29 /* Project.xcconfig */;
			buildSettings = {
				CONFIGURATION_BUILD_DIR = "$(SRCROOT)/bin/";
				COPY_PHASE_STRIP = NO;
				DEAD_CODE_STRIPPING = YES;
				GCC_AUTO_VECTORIZATION = YES;
				GCC_ENABLE_SSE3_EXTENSIONS = YES;
				GCC_ENABLE_SUPPLEMENTAL_SSE3_INSTRUCTIONS = YES;
				GCC_INLINES_ARE_PRIVATE_EXTERN = NO;
				GCC_OPTIMIZATION_LEVEL = 0;
				GCC_SYMBOLS_PRIVATE_EXTERN = NO;
				GCC_WARN_ABOUT_DEPRECATED_FUNCTIONS = YES;
				GCC_WARN_ABOUT_INVALID_OFFSETOF_MACRO = NO;
				GCC_WARN_ALLOW_INCOMPLETE_PROTOCOL = NO;
				GCC_WARN_UNINITIALIZED_AUTOS = NO;
				GCC_WARN_UNUSED_VALUE = NO;
				GCC_WARN_UNUSED_VARIABLE = NO;
				HEADER_SEARCH_PATHS = (
					"$(OF_CORE_HEADERS)",
					src,
					../../../addons/ofxAubio/src,
					../../../addons/ofxGui/src,
					../../../addons/ofxPd/libs,
					../../../addons/ofxPd/libs/libpd,
					../../../addons/ofxPd/libs/libpd/cpp,
					../../../addons/ofxPd/libs/libpd/libpd_wrapper,
					../../../addons/ofxPd/libs/libpd/libpd_wrapper/util,
					"../../../addons/ofxPd/libs/libpd/pure-data",
					"../../../addons/ofxPd/libs/libpd/pure-data/extra",
					"../../../addons/ofxPd/libs/libpd/pure-data/extra/bob~",
					"../../../addons/ofxPd/libs/libpd/pure-data/extra/bonk~",
					"../../../addons/ofxPd/libs/libpd/pure-data/extra/choice",
					"../../../addons/ofxPd/libs/libpd/pure-data/extra/fiddle~",
					"../../../addons/ofxPd/libs/libpd/pure-data/extra/loop~",
					"../../../addons/ofxPd/libs/libpd/pure-data/extra/lrshift~",
					"../../../addons/ofxPd/libs/libpd/pure-data/extra/pd~",
					"../../../addons/ofxPd/libs/libpd/pure-data/extra/pique",
					"../../../addons/ofxPd/libs/libpd/pure-data/extra/sigmund~",
					"../../../addons/ofxPd/libs/libpd/pure-data/extra/stdout",
					"../../../addons/ofxPd/libs/libpd/pure-data/src",
					../../../addons/ofxPd/src,
				);
				MACOSX_DEPLOYMENT_TARGET = 10.8;
				ONLY_ACTIVE_ARCH = YES;
				OTHER_CFLAGS = (
					"-DHAVE_UNISTD_H",
					"-DUSEAPI_DUMMY",
					"-DPD",
					"-DLIBPD_EXTRA",
					"-DLIBPD_USE_STD_MUTEX",
					"-DHAVE_LIBDL",
				);
				OTHER_CPLUSPLUSFLAGS = (
					"-D__MACOSX_CORE__",
					"-mtune=native",
					"-DHAVE_UNISTD_H=1",
				);
				SDKROOT = macosx;
			};
			name = Debug;
		};
		E4B69B4F0A3A1720003C02F2 /* Release */ = {
			isa = XCBuildConfiguration;
			baseConfigurationReference = E4EB6923138AFD0F00A09F29 /* Project.xcconfig */;
			buildSettings = {
				CONFIGURATION_BUILD_DIR = "$(SRCROOT)/bin/";
				COPY_PHASE_STRIP = YES;
				DEAD_CODE_STRIPPING = YES;
				GCC_AUTO_VECTORIZATION = YES;
				GCC_ENABLE_SSE3_EXTENSIONS = YES;
				GCC_ENABLE_SUPPLEMENTAL_SSE3_INSTRUCTIONS = YES;
				GCC_INLINES_ARE_PRIVATE_EXTERN = NO;
				GCC_OPTIMIZATION_LEVEL = 3;
				GCC_SYMBOLS_PRIVATE_EXTERN = NO;
				GCC_UNROLL_LOOPS = YES;
				GCC_WARN_ABOUT_DEPRECATED_FUNCTIONS = YES;
				GCC_WARN_ABOUT_INVALID_OFFSETOF_MACRO = NO;
				GCC_WARN_ALLOW_INCOMPLETE_PROTOCOL = NO;
				GCC_WARN_UNINITIALIZED_AUTOS = NO;
				GCC_WARN_UNUSED_VALUE = NO;
				GCC_WARN_UNUSED_VARIABLE = NO;
				HEADER_SEARCH_PATHS = (
					"$(OF_CORE_HEADERS)",
					src,
					../../../addons/ofxAubio/src,
					../../../addons/ofxGui/src,
					../../../addons/ofxPd/libs,
					../../../addons/ofxPd/libs/libpd,
					../../../addons/ofxPd/libs/libpd/cpp,
					../../../addons/ofxPd/libs/libpd/libpd_wrapper,
					../../../addons/ofxPd/libs/libpd/libpd_wrapper/util,
					"../../../addons/ofxPd/libs/libpd/pure-data",
					"../../../addons/ofxPd/libs/libpd/pure-data/extra",
					"../../../addons/ofxPd/libs/libpd/pure-data/extra/bob~",
					"../../../addons/ofxPd/libs/libpd/pure-data/extra/bonk~",
					"../../../addons/ofxPd/libs/libpd/pure-data/extra/choice",
					"../../../addons/ofxPd/libs/libpd/pure-data/extra/fiddle~",
					"../../../addons/ofxPd/libs/libpd/pure-data/extra/loop~",
					"../../../addons/ofxPd/libs/libpd/pure-data/extra/lrshift~",
					"../../../addons/ofxPd/libs/libpd/pure-data/extra/pd~",
					"../../../addons/ofxPd/libs/libpd/pure-data/extra/pique",
					"../../../addons/ofxPd/libs/libpd/pure-data/extra/sigmund~",
					"../../../addons/ofxPd/libs/libpd/pure-data/extra/stdout",
					"../../../addons/ofxPd/libs/libpd/pure-data/src",
					../../../addons/ofxPd/src,
				);
				MACOSX_DEPLOYMENT_TARGET = 10.8;
				OTHER_CFLAGS = (
					"-DHAVE_UNISTD_H",
					"-DUSEAPI_DUMMY",
					"-DPD",
					"-DLIBPD_EXTRA",
					"-DLIBPD_USE_STD_MUTEX",
					"-DHAVE_LIBDL",
				);
				OTHER_CPLUSPLUSFLAGS = (
					"-D__MACOSX_CORE__",
					"-mtune=native",
					"-DHAVE_UNISTD_H=1",
				);
				SDKROOT = macosx;
			};
			name = Release;
		};
		E4B69B600A3A1757003C02F2 /* Debug */ = {
			isa = XCBuildConfiguration;
			baseConfigurationReference = E4EB6923138AFD0F00A09F29 /* Project.xcconfig */;
			buildSettings = {
				COMBINE_HIDPI_IMAGES = YES;
				COPY_PHASE_STRIP = NO;
				FRAMEWORK_SEARCH_PATHS = (
					"$(inherited)",
					"$(FRAMEWORK_SEARCH_PATHS_QUOTED_FOR_TARGET_1)",
					"$(PROJECT_DIR)/frameworks",
				);
				FRAMEWORK_SEARCH_PATHS_QUOTED_FOR_TARGET_1 = "\"$(SRCROOT)/../../../libs/glut/lib/osx\"";
				GCC_DYNAMIC_NO_PIC = NO;
				GCC_GENERATE_DEBUGGING_SYMBOLS = YES;
				GCC_MODEL_TUNING = NONE;
				HEADER_SEARCH_PATHS = (
					"$(OF_CORE_HEADERS)",
					src,
					../../../addons/ofxAubio/src,
					../../../addons/ofxGui/src,
					../../../addons/ofxPd/libs,
					../../../addons/ofxPd/libs/libpd,
					../../../addons/ofxPd/libs/libpd/cpp,
					../../../addons/ofxPd/libs/libpd/libpd_wrapper,
					../../../addons/ofxPd/libs/libpd/libpd_wrapper/util,
					"../../../addons/ofxPd/libs/libpd/pure-data",
					"../../../addons/ofxPd/libs/libpd/pure-data/extra",
					"../../../addons/ofxPd/libs/libpd/pure-data/extra/bob~",
					"../../../addons/ofxPd/libs/libpd/pure-data/extra/bonk~",
					"../../../addons/ofxPd/libs/libpd/pure-data/extra/choice",
					"../../../addons/ofxPd/libs/libpd/pure-data/extra/fiddle~",
					"../../../addons/ofxPd/libs/libpd/pure-data/extra/loop~",
					"../../../addons/ofxPd/libs/libpd/pure-data/extra/lrshift~",
					"../../../addons/ofxPd/libs/libpd/pure-data/extra/pd~",
					"../../../addons/ofxPd/libs/libpd/pure-data/extra/pique",
					"../../../addons/ofxPd/libs/libpd/pure-data/extra/sigmund~",
					"../../../addons/ofxPd/libs/libpd/pure-data/extra/stdout",
					"../../../addons/ofxPd/libs/libpd/pure-data/src",
					../../../addons/ofxPd/src,
				);
				ICON = "$(ICON_NAME_DEBUG)";
				ICON_FILE = "$(ICON_FILE_PATH)$(ICON)";
				INFOPLIST_FILE = "openFrameworks-Info.plist";
				INSTALL_PATH = /Applications;
				LIBRARY_SEARCH_PATHS = "$(inherited)";
				OTHER_CFLAGS = (
					"-DHAVE_UNISTD_H",
					"-DUSEAPI_DUMMY",
					"-DPD",
					"-DLIBPD_EXTRA",
					"-DLIBPD_USE_STD_MUTEX",
					"-DHAVE_LIBDL",
				);
				PRODUCT_NAME = "$(TARGET_NAME)Debug";
				WRAPPER_EXTENSION = app;
			};
			name = Debug;
		};
		E4B69B610A3A1757003C02F2 /* Release */ = {
			isa = XCBuildConfiguration;
			baseConfigurationReference = E4EB6923138AFD0F00A09F29 /* Project.xcconfig */;
			buildSettings = {
				COMBINE_HIDPI_IMAGES = YES;
				COPY_PHASE_STRIP = YES;
				FRAMEWORK_SEARCH_PATHS = (
					"$(inherited)",
					"$(FRAMEWORK_SEARCH_PATHS_QUOTED_FOR_TARGET_1)",
					"$(PROJECT_DIR)/frameworks",
				);
				FRAMEWORK_SEARCH_PATHS_QUOTED_FOR_TARGET_1 = "\"$(SRCROOT)/../../../libs/glut/lib/osx\"";
				GCC_GENERATE_DEBUGGING_SYMBOLS = YES;
				GCC_MODEL_TUNING = NONE;
				HEADER_SEARCH_PATHS = (
					"$(OF_CORE_HEADERS)",
					src,
					../../../addons/ofxAubio/src,
					../../../addons/ofxGui/src,
					../../../addons/ofxPd/libs,
					../../../addons/ofxPd/libs/libpd,
					../../../addons/ofxPd/libs/libpd/cpp,
					../../../addons/ofxPd/libs/libpd/libpd_wrapper,
					../../../addons/ofxPd/libs/libpd/libpd_wrapper/util,
					"../../../addons/ofxPd/libs/libpd/pure-data",
					"../../../addons/ofxPd/libs/libpd/pure-data/extra",
					"../../../addons/ofxPd/libs/libpd/pure-data/extra/bob~",
					"../../../addons/ofxPd/libs/libpd/pure-data/extra/bonk~",
					"../../../addons/ofxPd/libs/libpd/pure-data/extra/choice",
					"../../../addons/ofxPd/libs/libpd/pure-data/extra/fiddle~",
					"../../../addons/ofxPd/libs/libpd/pure-data/extra/loop~",
					"../../../addons/ofxPd/libs/libpd/pure-data/extra/lrshift~",
					"../../../addons/ofxPd/libs/libpd/pure-data/extra/pd~",
					"../../../addons/ofxPd/libs/libpd/pure-data/extra/pique",
					"../../../addons/ofxPd/libs/libpd/pure-data/extra/sigmund~",
					"../../../addons/ofxPd/libs/libpd/pure-data/extra/stdout",
					"../../../addons/ofxPd/libs/libpd/pure-data/src",
					../../../addons/ofxPd/src,
				);
				ICON = "$(ICON_NAME_RELEASE)";
				ICON_FILE = "$(ICON_FILE_PATH)$(ICON)";
				INFOPLIST_FILE = "openFrameworks-Info.plist";
				INSTALL_PATH = /Applications;
				LIBRARY_SEARCH_PATHS = "$(inherited)";
				OTHER_CFLAGS = (
					"-DHAVE_UNISTD_H",
					"-DUSEAPI_DUMMY",
					"-DPD",
					"-DLIBPD_EXTRA",
					"-DLIBPD_USE_STD_MUTEX",
					"-DHAVE_LIBDL",
				);
				PRODUCT_NAME = "$(TARGET_NAME)";
				WRAPPER_EXTENSION = app;
				baseConfigurationReference = E4EB6923138AFD0F00A09F29;
			};
			name = Release;
		};
/* End XCBuildConfiguration section */

/* Begin XCConfigurationList section */
		E4B69B4D0A3A1720003C02F2 /* Build configuration list for PBXProject "autoPitchShifter" */ = {
			isa = XCConfigurationList;
			buildConfigurations = (
				E4B69B4E0A3A1720003C02F2 /* Debug */,
				E4B69B4F0A3A1720003C02F2 /* Release */,
			);
			defaultConfigurationIsVisible = 0;
			defaultConfigurationName = Release;
		};
		E4B69B5F0A3A1757003C02F2 /* Build configuration list for PBXNativeTarget "autoPitchShifter" */ = {
			isa = XCConfigurationList;
			buildConfigurations = (
				E4B69B600A3A1757003C02F2 /* Debug */,
				E4B69B610A3A1757003C02F2 /* Release */,
			);
			defaultConfigurationIsVisible = 0;
			defaultConfigurationName = Release;
		};
/* End XCConfigurationList section */
	};
	rootObject = E4B69B4C0A3A1720003C02F2 /* Project object */;
}
